// !$*UTF8*$!
{
	archiveVersion = 1;
	classes = {
	};
	objectVersion = 51;
	objects = {

/* Begin PBXBuildFile section */
		245576A024C7E1AB00F414DE /* PushNotificationSender.swift in Sources */ = {isa = PBXBuildFile; fileRef = 2455769F24C7E1AB00F414DE /* PushNotificationSender.swift */; };
		24825CB024C77F47003C19AD /* GoogleService-Info.plist in Resources */ = {isa = PBXBuildFile; fileRef = 24825CAF24C77F46003C19AD /* GoogleService-Info.plist */; };
		24825CB324C7860F003C19AD /* PushNotificationManager.swift in Sources */ = {isa = PBXBuildFile; fileRef = 24825CB224C7860F003C19AD /* PushNotificationManager.swift */; };
		24825CBB24C7ACE3003C19AD /* StatusNotificationItem.swift in Sources */ = {isa = PBXBuildFile; fileRef = 24825CBA24C7ACE3003C19AD /* StatusNotificationItem.swift */; };
		24825CBD24C7AE7C003C19AD /* StatusNotificationStore.swift in Sources */ = {isa = PBXBuildFile; fileRef = 24825CBC24C7AE7C003C19AD /* StatusNotificationStore.swift */; };
		24825CBF24C7B3B7003C19AD /* StatusNotificationItemCell.swift in Sources */ = {isa = PBXBuildFile; fileRef = 24825CBE24C7B3B7003C19AD /* StatusNotificationItemCell.swift */; };
		24825CC124C7B46B003C19AD /* StatusNotificationTableViewController.swift in Sources */ = {isa = PBXBuildFile; fileRef = 24825CC024C7B46A003C19AD /* StatusNotificationTableViewController.swift */; };
		24825CC324C7B60C003C19AD /* SafariPageThing.swift in Sources */ = {isa = PBXBuildFile; fileRef = 24825CC224C7B60B003C19AD /* SafariPageThing.swift */; };
		2F86396BB586F46C97CFEF8E /* Pods_BookingTests.framework in Frameworks */ = {isa = PBXBuildFile; fileRef = 6B1A24D4CC0398587A1539D8 /* Pods_BookingTests.framework */; };
		43DB8D5CF7CD7F5ABEDA8F31 /* Pods_Booking_BookingUITests.framework in Frameworks */ = {isa = PBXBuildFile; fileRef = C56D6B79E1497CC26A269A1C /* Pods_Booking_BookingUITests.framework */; };
		479DF79D35D0A425F450CCDF /* Pods_Booking.framework in Frameworks */ = {isa = PBXBuildFile; fileRef = ED699F371A2993D3B76D66E0 /* Pods_Booking.framework */; };
		5DE698F8248DB93000301B39 /* BookingTests.swift in Sources */ = {isa = PBXBuildFile; fileRef = 5DE698F7248DB93000301B39 /* BookingTests.swift */; };
		5DE69903248DB93000301B39 /* BookingUITests.swift in Sources */ = {isa = PBXBuildFile; fileRef = 5DE69902248DB93000301B39 /* BookingUITests.swift */; };
		CD4C9DA324C1E56D00EF33E6 /* EventSelectionCell.swift in Sources */ = {isa = PBXBuildFile; fileRef = CD4C9DA224C1E56D00EF33E6 /* EventSelectionCell.swift */; };
		CD4C9DA524C1E5C500EF33E6 /* EventSelectionCell.xib in Resources */ = {isa = PBXBuildFile; fileRef = CD4C9DA424C1E5C500EF33E6 /* EventSelectionCell.xib */; };
		CD9D3B8424C1C32A00A3D85D /* GroupProfileViewController.swift in Sources */ = {isa = PBXBuildFile; fileRef = CD9D3B3824C1C32A00A3D85D /* GroupProfileViewController.swift */; };
		CD9D3B8524C1C32A00A3D85D /* Vendor.swift in Sources */ = {isa = PBXBuildFile; fileRef = CD9D3B3924C1C32A00A3D85D /* Vendor.swift */; };
		CD9D3B8824C1C32A00A3D85D /* checkRequestStatusDeclined.swift in Sources */ = {isa = PBXBuildFile; fileRef = CD9D3B3C24C1C32A00A3D85D /* checkRequestStatusDeclined.swift */; };
		CD9D3B8924C1C32A00A3D85D /* CollectDJGenresViewController.swift in Sources */ = {isa = PBXBuildFile; fileRef = CD9D3B3D24C1C32A00A3D85D /* CollectDJGenresViewController.swift */; };
		CD9D3B8A24C1C32A00A3D85D /* CollectDJProfilePicViewController.swift in Sources */ = {isa = PBXBuildFile; fileRef = CD9D3B3E24C1C32A00A3D85D /* CollectDJProfilePicViewController.swift */; };
		CD9D3B8B24C1C32A00A3D85D /* EventCell.swift in Sources */ = {isa = PBXBuildFile; fileRef = CD9D3B3F24C1C32A00A3D85D /* EventCell.swift */; };
		CD9D3B8C24C1C32A00A3D85D /* SocializerProfilePictureViewController.swift in Sources */ = {isa = PBXBuildFile; fileRef = CD9D3B4024C1C32A00A3D85D /* SocializerProfilePictureViewController.swift */; };
		CD9D3B8D24C1C32A00A3D85D /* CollectDJEquipmentViewController.swift in Sources */ = {isa = PBXBuildFile; fileRef = CD9D3B4124C1C32A00A3D85D /* CollectDJEquipmentViewController.swift */; };
		CD9D3B8E24C1C32A00A3D85D /* DJorGroupViewController.swift in Sources */ = {isa = PBXBuildFile; fileRef = CD9D3B4224C1C32A00A3D85D /* DJorGroupViewController.swift */; };
		CD9D3B8F24C1C32A00A3D85D /* Event.swift in Sources */ = {isa = PBXBuildFile; fileRef = CD9D3B4324C1C32A00A3D85D /* Event.swift */; };
		CD9D3B9024C1C32A00A3D85D /* DJInitialViewController.swift in Sources */ = {isa = PBXBuildFile; fileRef = CD9D3B4424C1C32A00A3D85D /* DJInitialViewController.swift */; };
		CD9D3B9124C1C32A00A3D85D /* VendorInitialViewController.swift in Sources */ = {isa = PBXBuildFile; fileRef = CD9D3B4524C1C32A00A3D85D /* VendorInitialViewController.swift */; };
		CD9D3B9224C1C32A00A3D85D /* socializerMapViewController.swift in Sources */ = {isa = PBXBuildFile; fileRef = CD9D3B4624C1C32A00A3D85D /* socializerMapViewController.swift */; };
		CD9D3B9424C1C32A00A3D85D /* CollectDJPlayingFeeViewController.swift in Sources */ = {isa = PBXBuildFile; fileRef = CD9D3B4824C1C32A00A3D85D /* CollectDJPlayingFeeViewController.swift */; };
		CD9D3B9724C1C32A00A3D85D /* SocializerInitialViewController.swift in Sources */ = {isa = PBXBuildFile; fileRef = CD9D3B4B24C1C32A00A3D85D /* SocializerInitialViewController.swift */; };
		CD9D3B9924C1C32A00A3D85D /* InitialScreen.swift in Sources */ = {isa = PBXBuildFile; fileRef = CD9D3B4D24C1C32A00A3D85D /* InitialScreen.swift */; };
		CD9D3B9A24C1C32A00A3D85D /* CollectDJLinkViewController.swift in Sources */ = {isa = PBXBuildFile; fileRef = CD9D3B4E24C1C32A00A3D85D /* CollectDJLinkViewController.swift */; };
		CD9D3B9B24C1C32A00A3D85D /* checkRequestStatusAcceptedGroup.swift in Sources */ = {isa = PBXBuildFile; fileRef = CD9D3B4F24C1C32A00A3D85D /* checkRequestStatusAcceptedGroup.swift */; };
		CD9D3B9C24C1C32A00A3D85D /* checkRequestStatusAcceptedDJ.swift in Sources */ = {isa = PBXBuildFile; fileRef = CD9D3B5024C1C32A00A3D85D /* checkRequestStatusAcceptedDJ.swift */; };
		CD9D3B9F24C1C32A00A3D85D /* GroupSignUpViewController.swift in Sources */ = {isa = PBXBuildFile; fileRef = CD9D3B5324C1C32A00A3D85D /* GroupSignUpViewController.swift */; };
		CD9D3BA024C1C32A00A3D85D /* DJ.swift in Sources */ = {isa = PBXBuildFile; fileRef = CD9D3B5424C1C32A00A3D85D /* DJ.swift */; };
		CD9D3BA124C1C32A00A3D85D /* User.swift in Sources */ = {isa = PBXBuildFile; fileRef = CD9D3B5524C1C32A00A3D85D /* User.swift */; };
		CD9D3BA324C1C32A00A3D85D /* showRequestStatus.swift in Sources */ = {isa = PBXBuildFile; fileRef = CD9D3B5724C1C32A00A3D85D /* showRequestStatus.swift */; };
		CD9D3BA424C1C32A00A3D85D /* HomeViewController.swift in Sources */ = {isa = PBXBuildFile; fileRef = CD9D3B5824C1C32A00A3D85D /* HomeViewController.swift */; };
		CD9D3BA524C1C32A00A3D85D /* checkRequestStatusCounter.swift in Sources */ = {isa = PBXBuildFile; fileRef = CD9D3B5924C1C32A00A3D85D /* checkRequestStatusCounter.swift */; };
		CD9D3BA624C1C32A00A3D85D /* EditGroupProfileViewController.swift in Sources */ = {isa = PBXBuildFile; fileRef = CD9D3B5A24C1C32A00A3D85D /* EditGroupProfileViewController.swift */; };
		CD9D3BA724C1C32A00A3D85D /* InviteContactsViewController.swift in Sources */ = {isa = PBXBuildFile; fileRef = CD9D3B5B24C1C32A00A3D85D /* InviteContactsViewController.swift */; };
		CD9D3BA924C1C32A00A3D85D /* createEventView.swift in Sources */ = {isa = PBXBuildFile; fileRef = CD9D3B5D24C1C32A00A3D85D /* createEventView.swift */; };
		CD9D3BAA24C1C32A00A3D85D /* StartViewController.swift in Sources */ = {isa = PBXBuildFile; fileRef = CD9D3B5E24C1C32A00A3D85D /* StartViewController.swift */; };
		CD9D3BAB24C1C32A00A3D85D /* InviteContactsCell.swift in Sources */ = {isa = PBXBuildFile; fileRef = CD9D3B5F24C1C32A00A3D85D /* InviteContactsCell.swift */; };
		CD9D3BAC24C1C32A00A3D85D /* DJProfileViewController.swift in Sources */ = {isa = PBXBuildFile; fileRef = CD9D3B6024C1C32A00A3D85D /* DJProfileViewController.swift */; };
		CD9D3BAD24C1C32A00A3D85D /* createRequestView.swift in Sources */ = {isa = PBXBuildFile; fileRef = CD9D3B6124C1C32A00A3D85D /* createRequestView.swift */; };
		CD9D3BAE24C1C32A00A3D85D /* CollectGroupProfilePicViewController.swift in Sources */ = {isa = PBXBuildFile; fileRef = CD9D3B6224C1C32A00A3D85D /* CollectGroupProfilePicViewController.swift */; };
		CD9D3BAF24C1C32A00A3D85D /* ExplorePageSearchResultCell.swift in Sources */ = {isa = PBXBuildFile; fileRef = CD9D3B6324C1C32A00A3D85D /* ExplorePageSearchResultCell.swift */; };
		CD9D3BB124C1C32A00A3D85D /* DJFinalNotesViewController.swift in Sources */ = {isa = PBXBuildFile; fileRef = CD9D3B6524C1C32A00A3D85D /* DJFinalNotesViewController.swift */; };
		CD9D3BB224C1C32A00A3D85D /* RequestCell.swift in Sources */ = {isa = PBXBuildFile; fileRef = CD9D3B6624C1C32A00A3D85D /* RequestCell.swift */; };
		CD9D3BB324C1C32A00A3D85D /* checkRequestStatusOpen.swift in Sources */ = {isa = PBXBuildFile; fileRef = CD9D3B6724C1C32A00A3D85D /* checkRequestStatusOpen.swift */; };
		CD9D3BB424C1C32A00A3D85D /* Request.swift in Sources */ = {isa = PBXBuildFile; fileRef = CD9D3B6824C1C32A00A3D85D /* Request.swift */; };
		CD9D3BB524C1C32A00A3D85D /* SocializerFinalNotesViewController.swift in Sources */ = {isa = PBXBuildFile; fileRef = CD9D3B6924C1C32A00A3D85D /* SocializerFinalNotesViewController.swift */; };
		CD9D3BB624C1C32A00A3D85D /* AlertView.swift in Sources */ = {isa = PBXBuildFile; fileRef = CD9D3B6A24C1C32A00A3D85D /* AlertView.swift */; };
		CD9D3BB724C1C32A00A3D85D /* CollectGroupEquipmentViewController.swift in Sources */ = {isa = PBXBuildFile; fileRef = CD9D3B6B24C1C32A00A3D85D /* CollectGroupEquipmentViewController.swift */; };
		CD9D3BB824C1C32A00A3D85D /* CollectGroupPlayingFeeViewController.swift in Sources */ = {isa = PBXBuildFile; fileRef = CD9D3B6C24C1C32A00A3D85D /* CollectGroupPlayingFeeViewController.swift */; };
		CD9D3BBA24C1C32A00A3D85D /* Group.swift in Sources */ = {isa = PBXBuildFile; fileRef = CD9D3B6E24C1C32A00A3D85D /* Group.swift */; };
		CD9D3BBB24C1C32A00A3D85D /* checkRequestStatusOpenDJ.swift in Sources */ = {isa = PBXBuildFile; fileRef = CD9D3B6F24C1C32A00A3D85D /* checkRequestStatusOpenDJ.swift */; };
		CD9D3BBC24C1C32A00A3D85D /* GroupInitialViewController.swift in Sources */ = {isa = PBXBuildFile; fileRef = CD9D3B7024C1C32A00A3D85D /* GroupInitialViewController.swift */; };
		CD9D3BBD24C1C32A00A3D85D /* LoginViewController.swift in Sources */ = {isa = PBXBuildFile; fileRef = CD9D3B7124C1C32A00A3D85D /* LoginViewController.swift */; };
		CD9D3BBE24C1C32A00A3D85D /* GroupCalendarViewController.swift in Sources */ = {isa = PBXBuildFile; fileRef = CD9D3B7224C1C32A00A3D85D /* GroupCalendarViewController.swift */; };
		CD9D3BBF24C1C32A00A3D85D /* CollectVendorEquipmentViewController.swift in Sources */ = {isa = PBXBuildFile; fileRef = CD9D3B7324C1C32A00A3D85D /* CollectVendorEquipmentViewController.swift */; };
		CD9D3BC024C1C32A00A3D85D /* AppDelegate.swift in Sources */ = {isa = PBXBuildFile; fileRef = CD9D3B7424C1C32A00A3D85D /* AppDelegate.swift */; };
		CD9D3BC124C1C32A00A3D85D /* GroupFinalNotesViewController.swift in Sources */ = {isa = PBXBuildFile; fileRef = CD9D3B7524C1C32A00A3D85D /* GroupFinalNotesViewController.swift */; };
		CD9D3BC324C1C32A00A3D85D /* VendorPlayingFeeViewController.swift in Sources */ = {isa = PBXBuildFile; fileRef = CD9D3B7724C1C32A00A3D85D /* VendorPlayingFeeViewController.swift */; };
		CD9D3BC424C1C32A00A3D85D /* VendorFinalNotesViewController.swift in Sources */ = {isa = PBXBuildFile; fileRef = CD9D3B7824C1C32A00A3D85D /* VendorFinalNotesViewController.swift */; };
		CD9D3BC624C1C32A00A3D85D /* VendorSignUpViewController.swift in Sources */ = {isa = PBXBuildFile; fileRef = CD9D3B7A24C1C32A00A3D85D /* VendorSignUpViewController.swift */; };
		CD9D3BC724C1C32A00A3D85D /* CollectVendorProfilePicViewController.swift in Sources */ = {isa = PBXBuildFile; fileRef = CD9D3B7B24C1C32A00A3D85D /* CollectVendorProfilePicViewController.swift */; };
		CD9D3BC824C1C32A00A3D85D /* EditDJProfileViewController.swift in Sources */ = {isa = PBXBuildFile; fileRef = CD9D3B7C24C1C32A00A3D85D /* EditDJProfileViewController.swift */; };
		CD9D3BC924C1C32A00A3D85D /* OptionToSelect.swift in Sources */ = {isa = PBXBuildFile; fileRef = CD9D3B7D24C1C32A00A3D85D /* OptionToSelect.swift */; };
		CD9D3BCA24C1C32A00A3D85D /* DJSignupViewController.swift in Sources */ = {isa = PBXBuildFile; fileRef = CD9D3B7E24C1C32A00A3D85D /* DJSignupViewController.swift */; };
		CD9D3BCB24C1C32A00A3D85D /* DJProfileForGroupViewController.swift in Sources */ = {isa = PBXBuildFile; fileRef = CD9D3B7F24C1C32A00A3D85D /* DJProfileForGroupViewController.swift */; };
		CD9D3BCD24C1C32A00A3D85D /* GroupExploreViewController.swift in Sources */ = {isa = PBXBuildFile; fileRef = CD9D3B8124C1C32A00A3D85D /* GroupExploreViewController.swift */; };
		CD9D3BCE24C1C32A00A3D85D /* SceneDelegate.swift in Sources */ = {isa = PBXBuildFile; fileRef = CD9D3B8224C1C32A00A3D85D /* SceneDelegate.swift */; };
		CD9D3BCF24C1C32A00A3D85D /* SocializerSignUpViewController.swift in Sources */ = {isa = PBXBuildFile; fileRef = CD9D3B8324C1C32A00A3D85D /* SocializerSignUpViewController.swift */; };
		CD9D3BD224C1C92C00A3D85D /* Main.storyboard in Resources */ = {isa = PBXBuildFile; fileRef = CD9D3B5C24C1C32A00A3D85D /* Main.storyboard */; };
		CD9D3BD324C1CA3A00A3D85D /* checkRequestStatusAcceptedDJ.xib in Resources */ = {isa = PBXBuildFile; fileRef = CD9D3B6D24C1C32A00A3D85D /* checkRequestStatusAcceptedDJ.xib */; };
		CD9D3BD424C1CA4200A3D85D /* AlertView.xib in Resources */ = {isa = PBXBuildFile; fileRef = CD9D3B6424C1C32A00A3D85D /* AlertView.xib */; };
		CD9D3BD524C1CA4D00A3D85D /* checkRequestStatusAcceptedGroup.xib in Resources */ = {isa = PBXBuildFile; fileRef = CD9D3B4724C1C32A00A3D85D /* checkRequestStatusAcceptedGroup.xib */; };
		CD9D3BD624C1CA5300A3D85D /* checkRequestStatusCounter.xib in Resources */ = {isa = PBXBuildFile; fileRef = CD9D3B4C24C1C32A00A3D85D /* checkRequestStatusCounter.xib */; };
		CD9D3BD724C1CA5900A3D85D /* checkRequestStatusDeclined.xib in Resources */ = {isa = PBXBuildFile; fileRef = CD9D3B4A24C1C32A00A3D85D /* checkRequestStatusDeclined.xib */; };
		CD9D3BD824C1CA5D00A3D85D /* checkRequestStatusOpen.xib in Resources */ = {isa = PBXBuildFile; fileRef = CD9D3B3A24C1C32A00A3D85D /* checkRequestStatusOpen.xib */; };
		CD9D3BD924C1CA6000A3D85D /* checkRequestStatusOpenDJ.xib in Resources */ = {isa = PBXBuildFile; fileRef = CD9D3B7624C1C32A00A3D85D /* checkRequestStatusOpenDJ.xib */; };
		CD9D3BDB24C1CA6700A3D85D /* createEventView.xib in Resources */ = {isa = PBXBuildFile; fileRef = CD9D3B5124C1C32A00A3D85D /* createEventView.xib */; };
		CD9D3BDC24C1CA6C00A3D85D /* createRequestView.xib in Resources */ = {isa = PBXBuildFile; fileRef = CD9D3B4924C1C32A00A3D85D /* createRequestView.xib */; };
		CD9D3BDD24C1CA7B00A3D85D /* LaunchScreen.storyboard in Resources */ = {isa = PBXBuildFile; fileRef = CD9D3B3B24C1C32A00A3D85D /* LaunchScreen.storyboard */; };
		CD9D3BDE24C1CA7F00A3D85D /* SideMain.storyboard in Resources */ = {isa = PBXBuildFile; fileRef = CD9D3B7924C1C32A00A3D85D /* SideMain.storyboard */; };
/* End PBXBuildFile section */

/* Begin PBXContainerItemProxy section */
		5DE698F4248DB93000301B39 /* PBXContainerItemProxy */ = {
			isa = PBXContainerItemProxy;
			containerPortal = 5DE698D5248DB92600301B39 /* Project object */;
			proxyType = 1;
			remoteGlobalIDString = 5DE698DC248DB92600301B39;
			remoteInfo = Booking;
		};
		5DE698FF248DB93000301B39 /* PBXContainerItemProxy */ = {
			isa = PBXContainerItemProxy;
			containerPortal = 5DE698D5248DB92600301B39 /* Project object */;
			proxyType = 1;
			remoteGlobalIDString = 5DE698DC248DB92600301B39;
			remoteInfo = Booking;
		};
/* End PBXContainerItemProxy section */

/* Begin PBXFileReference section */
		2455769F24C7E1AB00F414DE /* PushNotificationSender.swift */ = {isa = PBXFileReference; lastKnownFileType = sourcecode.swift; path = PushNotificationSender.swift; sourceTree = "<group>"; };
		24593EE224A98292002C2729 /* Mapbox.framework */ = {isa = PBXFileReference; lastKnownFileType = wrapper.framework; name = Mapbox.framework; path = "../../Downloads/mapbox-ios-sdk-5/dynamic/Mapbox.framework"; sourceTree = "<group>"; };
		24825CAF24C77F46003C19AD /* GoogleService-Info.plist */ = {isa = PBXFileReference; fileEncoding = 4; lastKnownFileType = text.plist.xml; name = "GoogleService-Info.plist"; path = "../../Downloads/GoogleService-Info.plist"; sourceTree = "<group>"; };
		24825CB124C7840D003C19AD /* Booking.entitlements */ = {isa = PBXFileReference; lastKnownFileType = text.plist.entitlements; path = Booking.entitlements; sourceTree = "<group>"; };
		24825CB224C7860F003C19AD /* PushNotificationManager.swift */ = {isa = PBXFileReference; lastKnownFileType = sourcecode.swift; path = PushNotificationManager.swift; sourceTree = "<group>"; };
		24825CBA24C7ACE3003C19AD /* StatusNotificationItem.swift */ = {isa = PBXFileReference; lastKnownFileType = sourcecode.swift; path = StatusNotificationItem.swift; sourceTree = "<group>"; };
		24825CBC24C7AE7C003C19AD /* StatusNotificationStore.swift */ = {isa = PBXFileReference; lastKnownFileType = sourcecode.swift; path = StatusNotificationStore.swift; sourceTree = "<group>"; };
		24825CBE24C7B3B7003C19AD /* StatusNotificationItemCell.swift */ = {isa = PBXFileReference; lastKnownFileType = sourcecode.swift; path = StatusNotificationItemCell.swift; sourceTree = "<group>"; };
		24825CC024C7B46A003C19AD /* StatusNotificationTableViewController.swift */ = {isa = PBXFileReference; lastKnownFileType = sourcecode.swift; path = StatusNotificationTableViewController.swift; sourceTree = "<group>"; };
		24825CC224C7B60B003C19AD /* SafariPageThing.swift */ = {isa = PBXFileReference; lastKnownFileType = sourcecode.swift; path = SafariPageThing.swift; sourceTree = "<group>"; };
		572733D997C660A83A8E95A5 /* Pods-Booking-BookingUITests.debug.xcconfig */ = {isa = PBXFileReference; includeInIndex = 1; lastKnownFileType = text.xcconfig; name = "Pods-Booking-BookingUITests.debug.xcconfig"; path = "Target Support Files/Pods-Booking-BookingUITests/Pods-Booking-BookingUITests.debug.xcconfig"; sourceTree = "<group>"; };
		5809FB3C41A3EEC35105BBA8 /* Pods-Booking.debug.xcconfig */ = {isa = PBXFileReference; includeInIndex = 1; lastKnownFileType = text.xcconfig; name = "Pods-Booking.debug.xcconfig"; path = "Target Support Files/Pods-Booking/Pods-Booking.debug.xcconfig"; sourceTree = "<group>"; };
		5DE698DD248DB92600301B39 /* Booking.app */ = {isa = PBXFileReference; explicitFileType = wrapper.application; includeInIndex = 0; path = Booking.app; sourceTree = BUILT_PRODUCTS_DIR; };
		5DE698F3248DB93000301B39 /* BookingTests.xctest */ = {isa = PBXFileReference; explicitFileType = wrapper.cfbundle; includeInIndex = 0; path = BookingTests.xctest; sourceTree = BUILT_PRODUCTS_DIR; };
		5DE698F7248DB93000301B39 /* BookingTests.swift */ = {isa = PBXFileReference; lastKnownFileType = sourcecode.swift; path = BookingTests.swift; sourceTree = "<group>"; };
		5DE698F9248DB93000301B39 /* Info.plist */ = {isa = PBXFileReference; lastKnownFileType = text.plist.xml; path = Info.plist; sourceTree = "<group>"; };
		5DE698FE248DB93000301B39 /* BookingUITests.xctest */ = {isa = PBXFileReference; explicitFileType = wrapper.cfbundle; includeInIndex = 0; path = BookingUITests.xctest; sourceTree = BUILT_PRODUCTS_DIR; };
		5DE69902248DB93000301B39 /* BookingUITests.swift */ = {isa = PBXFileReference; lastKnownFileType = sourcecode.swift; path = BookingUITests.swift; sourceTree = "<group>"; };
		5DE69904248DB93000301B39 /* Info.plist */ = {isa = PBXFileReference; lastKnownFileType = text.plist.xml; path = Info.plist; sourceTree = "<group>"; };
		6B1A24D4CC0398587A1539D8 /* Pods_BookingTests.framework */ = {isa = PBXFileReference; explicitFileType = wrapper.framework; includeInIndex = 0; path = Pods_BookingTests.framework; sourceTree = BUILT_PRODUCTS_DIR; };
		7D6F94111F73D9926B1F0069 /* Pods-BookingTests.debug.xcconfig */ = {isa = PBXFileReference; includeInIndex = 1; lastKnownFileType = text.xcconfig; name = "Pods-BookingTests.debug.xcconfig"; path = "Target Support Files/Pods-BookingTests/Pods-BookingTests.debug.xcconfig"; sourceTree = "<group>"; };
		AC6EE0B597BABDFEB215D9AC /* Pods-Booking-BookingUITests.release.xcconfig */ = {isa = PBXFileReference; includeInIndex = 1; lastKnownFileType = text.xcconfig; name = "Pods-Booking-BookingUITests.release.xcconfig"; path = "Target Support Files/Pods-Booking-BookingUITests/Pods-Booking-BookingUITests.release.xcconfig"; sourceTree = "<group>"; };
		C56D6B79E1497CC26A269A1C /* Pods_Booking_BookingUITests.framework */ = {isa = PBXFileReference; explicitFileType = wrapper.framework; includeInIndex = 0; path = Pods_Booking_BookingUITests.framework; sourceTree = BUILT_PRODUCTS_DIR; };
		CD4C9DA224C1E56D00EF33E6 /* EventSelectionCell.swift */ = {isa = PBXFileReference; lastKnownFileType = sourcecode.swift; path = EventSelectionCell.swift; sourceTree = "<group>"; };
		CD4C9DA424C1E5C500EF33E6 /* EventSelectionCell.xib */ = {isa = PBXFileReference; lastKnownFileType = file.xib; path = EventSelectionCell.xib; sourceTree = "<group>"; };
		CD9D3B3824C1C32A00A3D85D /* GroupProfileViewController.swift */ = {isa = PBXFileReference; fileEncoding = 4; lastKnownFileType = sourcecode.swift; path = GroupProfileViewController.swift; sourceTree = "<group>"; };
		CD9D3B3924C1C32A00A3D85D /* Vendor.swift */ = {isa = PBXFileReference; fileEncoding = 4; lastKnownFileType = sourcecode.swift; path = Vendor.swift; sourceTree = "<group>"; };
		CD9D3B3A24C1C32A00A3D85D /* checkRequestStatusOpen.xib */ = {isa = PBXFileReference; fileEncoding = 4; lastKnownFileType = file.xib; path = checkRequestStatusOpen.xib; sourceTree = "<group>"; };
		CD9D3B3B24C1C32A00A3D85D /* LaunchScreen.storyboard */ = {isa = PBXFileReference; fileEncoding = 4; lastKnownFileType = file.storyboard; path = LaunchScreen.storyboard; sourceTree = "<group>"; };
		CD9D3B3C24C1C32A00A3D85D /* checkRequestStatusDeclined.swift */ = {isa = PBXFileReference; fileEncoding = 4; lastKnownFileType = sourcecode.swift; path = checkRequestStatusDeclined.swift; sourceTree = "<group>"; };
		CD9D3B3D24C1C32A00A3D85D /* CollectDJGenresViewController.swift */ = {isa = PBXFileReference; fileEncoding = 4; lastKnownFileType = sourcecode.swift; path = CollectDJGenresViewController.swift; sourceTree = "<group>"; };
		CD9D3B3E24C1C32A00A3D85D /* CollectDJProfilePicViewController.swift */ = {isa = PBXFileReference; fileEncoding = 4; lastKnownFileType = sourcecode.swift; path = CollectDJProfilePicViewController.swift; sourceTree = "<group>"; };
		CD9D3B3F24C1C32A00A3D85D /* EventCell.swift */ = {isa = PBXFileReference; fileEncoding = 4; lastKnownFileType = sourcecode.swift; path = EventCell.swift; sourceTree = "<group>"; };
		CD9D3B4024C1C32A00A3D85D /* SocializerProfilePictureViewController.swift */ = {isa = PBXFileReference; fileEncoding = 4; lastKnownFileType = sourcecode.swift; path = SocializerProfilePictureViewController.swift; sourceTree = "<group>"; };
		CD9D3B4124C1C32A00A3D85D /* CollectDJEquipmentViewController.swift */ = {isa = PBXFileReference; fileEncoding = 4; lastKnownFileType = sourcecode.swift; path = CollectDJEquipmentViewController.swift; sourceTree = "<group>"; };
		CD9D3B4224C1C32A00A3D85D /* DJorGroupViewController.swift */ = {isa = PBXFileReference; fileEncoding = 4; lastKnownFileType = sourcecode.swift; path = DJorGroupViewController.swift; sourceTree = "<group>"; };
		CD9D3B4324C1C32A00A3D85D /* Event.swift */ = {isa = PBXFileReference; fileEncoding = 4; lastKnownFileType = sourcecode.swift; path = Event.swift; sourceTree = "<group>"; };
		CD9D3B4424C1C32A00A3D85D /* DJInitialViewController.swift */ = {isa = PBXFileReference; fileEncoding = 4; lastKnownFileType = sourcecode.swift; path = DJInitialViewController.swift; sourceTree = "<group>"; };
		CD9D3B4524C1C32A00A3D85D /* VendorInitialViewController.swift */ = {isa = PBXFileReference; fileEncoding = 4; lastKnownFileType = sourcecode.swift; path = VendorInitialViewController.swift; sourceTree = "<group>"; };
		CD9D3B4624C1C32A00A3D85D /* socializerMapViewController.swift */ = {isa = PBXFileReference; fileEncoding = 4; lastKnownFileType = sourcecode.swift; path = socializerMapViewController.swift; sourceTree = "<group>"; };
		CD9D3B4724C1C32A00A3D85D /* checkRequestStatusAcceptedGroup.xib */ = {isa = PBXFileReference; fileEncoding = 4; lastKnownFileType = file.xib; path = checkRequestStatusAcceptedGroup.xib; sourceTree = "<group>"; };
		CD9D3B4824C1C32A00A3D85D /* CollectDJPlayingFeeViewController.swift */ = {isa = PBXFileReference; fileEncoding = 4; lastKnownFileType = sourcecode.swift; path = CollectDJPlayingFeeViewController.swift; sourceTree = "<group>"; };
		CD9D3B4924C1C32A00A3D85D /* createRequestView.xib */ = {isa = PBXFileReference; fileEncoding = 4; lastKnownFileType = file.xib; path = createRequestView.xib; sourceTree = "<group>"; };
		CD9D3B4A24C1C32A00A3D85D /* checkRequestStatusDeclined.xib */ = {isa = PBXFileReference; fileEncoding = 4; lastKnownFileType = file.xib; path = checkRequestStatusDeclined.xib; sourceTree = "<group>"; };
		CD9D3B4B24C1C32A00A3D85D /* SocializerInitialViewController.swift */ = {isa = PBXFileReference; fileEncoding = 4; lastKnownFileType = sourcecode.swift; path = SocializerInitialViewController.swift; sourceTree = "<group>"; };
		CD9D3B4C24C1C32A00A3D85D /* checkRequestStatusCounter.xib */ = {isa = PBXFileReference; fileEncoding = 4; lastKnownFileType = file.xib; path = checkRequestStatusCounter.xib; sourceTree = "<group>"; };
		CD9D3B4D24C1C32A00A3D85D /* InitialScreen.swift */ = {isa = PBXFileReference; fileEncoding = 4; lastKnownFileType = sourcecode.swift; path = InitialScreen.swift; sourceTree = "<group>"; };
		CD9D3B4E24C1C32A00A3D85D /* CollectDJLinkViewController.swift */ = {isa = PBXFileReference; fileEncoding = 4; lastKnownFileType = sourcecode.swift; path = CollectDJLinkViewController.swift; sourceTree = "<group>"; };
		CD9D3B4F24C1C32A00A3D85D /* checkRequestStatusAcceptedGroup.swift */ = {isa = PBXFileReference; fileEncoding = 4; lastKnownFileType = sourcecode.swift; path = checkRequestStatusAcceptedGroup.swift; sourceTree = "<group>"; };
		CD9D3B5024C1C32A00A3D85D /* checkRequestStatusAcceptedDJ.swift */ = {isa = PBXFileReference; fileEncoding = 4; lastKnownFileType = sourcecode.swift; path = checkRequestStatusAcceptedDJ.swift; sourceTree = "<group>"; };
		CD9D3B5124C1C32A00A3D85D /* createEventView.xib */ = {isa = PBXFileReference; fileEncoding = 4; lastKnownFileType = file.xib; path = createEventView.xib; sourceTree = "<group>"; };
		CD9D3B5224C1C32A00A3D85D /* Assets.xcassets */ = {isa = PBXFileReference; lastKnownFileType = folder.assetcatalog; path = Assets.xcassets; sourceTree = "<group>"; };
		CD9D3B5324C1C32A00A3D85D /* GroupSignUpViewController.swift */ = {isa = PBXFileReference; fileEncoding = 4; lastKnownFileType = sourcecode.swift; path = GroupSignUpViewController.swift; sourceTree = "<group>"; };
		CD9D3B5424C1C32A00A3D85D /* DJ.swift */ = {isa = PBXFileReference; fileEncoding = 4; lastKnownFileType = sourcecode.swift; path = DJ.swift; sourceTree = "<group>"; };
		CD9D3B5524C1C32A00A3D85D /* User.swift */ = {isa = PBXFileReference; fileEncoding = 4; lastKnownFileType = sourcecode.swift; path = User.swift; sourceTree = "<group>"; };
		CD9D3B5724C1C32A00A3D85D /* showRequestStatus.swift */ = {isa = PBXFileReference; fileEncoding = 4; lastKnownFileType = sourcecode.swift; path = showRequestStatus.swift; sourceTree = "<group>"; };
		CD9D3B5824C1C32A00A3D85D /* HomeViewController.swift */ = {isa = PBXFileReference; fileEncoding = 4; lastKnownFileType = sourcecode.swift; path = HomeViewController.swift; sourceTree = "<group>"; };
		CD9D3B5924C1C32A00A3D85D /* checkRequestStatusCounter.swift */ = {isa = PBXFileReference; fileEncoding = 4; lastKnownFileType = sourcecode.swift; path = checkRequestStatusCounter.swift; sourceTree = "<group>"; };
		CD9D3B5A24C1C32A00A3D85D /* EditGroupProfileViewController.swift */ = {isa = PBXFileReference; fileEncoding = 4; lastKnownFileType = sourcecode.swift; path = EditGroupProfileViewController.swift; sourceTree = "<group>"; };
		CD9D3B5B24C1C32A00A3D85D /* InviteContactsViewController.swift */ = {isa = PBXFileReference; fileEncoding = 4; lastKnownFileType = sourcecode.swift; path = InviteContactsViewController.swift; sourceTree = "<group>"; };
		CD9D3B5C24C1C32A00A3D85D /* Main.storyboard */ = {isa = PBXFileReference; fileEncoding = 4; lastKnownFileType = file.storyboard; path = Main.storyboard; sourceTree = "<group>"; };
		CD9D3B5D24C1C32A00A3D85D /* createEventView.swift */ = {isa = PBXFileReference; fileEncoding = 4; lastKnownFileType = sourcecode.swift; path = createEventView.swift; sourceTree = "<group>"; };
		CD9D3B5E24C1C32A00A3D85D /* StartViewController.swift */ = {isa = PBXFileReference; fileEncoding = 4; lastKnownFileType = sourcecode.swift; path = StartViewController.swift; sourceTree = "<group>"; };
		CD9D3B5F24C1C32A00A3D85D /* InviteContactsCell.swift */ = {isa = PBXFileReference; fileEncoding = 4; lastKnownFileType = sourcecode.swift; path = InviteContactsCell.swift; sourceTree = "<group>"; };
		CD9D3B6024C1C32A00A3D85D /* DJProfileViewController.swift */ = {isa = PBXFileReference; fileEncoding = 4; lastKnownFileType = sourcecode.swift; path = DJProfileViewController.swift; sourceTree = "<group>"; };
		CD9D3B6124C1C32A00A3D85D /* createRequestView.swift */ = {isa = PBXFileReference; fileEncoding = 4; lastKnownFileType = sourcecode.swift; path = createRequestView.swift; sourceTree = "<group>"; };
		CD9D3B6224C1C32A00A3D85D /* CollectGroupProfilePicViewController.swift */ = {isa = PBXFileReference; fileEncoding = 4; lastKnownFileType = sourcecode.swift; path = CollectGroupProfilePicViewController.swift; sourceTree = "<group>"; };
		CD9D3B6324C1C32A00A3D85D /* ExplorePageSearchResultCell.swift */ = {isa = PBXFileReference; fileEncoding = 4; lastKnownFileType = sourcecode.swift; path = ExplorePageSearchResultCell.swift; sourceTree = "<group>"; };
		CD9D3B6424C1C32A00A3D85D /* AlertView.xib */ = {isa = PBXFileReference; fileEncoding = 4; lastKnownFileType = file.xib; path = AlertView.xib; sourceTree = "<group>"; };
		CD9D3B6524C1C32A00A3D85D /* DJFinalNotesViewController.swift */ = {isa = PBXFileReference; fileEncoding = 4; lastKnownFileType = sourcecode.swift; path = DJFinalNotesViewController.swift; sourceTree = "<group>"; };
		CD9D3B6624C1C32A00A3D85D /* RequestCell.swift */ = {isa = PBXFileReference; fileEncoding = 4; lastKnownFileType = sourcecode.swift; path = RequestCell.swift; sourceTree = "<group>"; };
		CD9D3B6724C1C32A00A3D85D /* checkRequestStatusOpen.swift */ = {isa = PBXFileReference; fileEncoding = 4; lastKnownFileType = sourcecode.swift; path = checkRequestStatusOpen.swift; sourceTree = "<group>"; };
		CD9D3B6824C1C32A00A3D85D /* Request.swift */ = {isa = PBXFileReference; fileEncoding = 4; lastKnownFileType = sourcecode.swift; path = Request.swift; sourceTree = "<group>"; };
		CD9D3B6924C1C32A00A3D85D /* SocializerFinalNotesViewController.swift */ = {isa = PBXFileReference; fileEncoding = 4; lastKnownFileType = sourcecode.swift; path = SocializerFinalNotesViewController.swift; sourceTree = "<group>"; };
		CD9D3B6A24C1C32A00A3D85D /* AlertView.swift */ = {isa = PBXFileReference; fileEncoding = 4; lastKnownFileType = sourcecode.swift; path = AlertView.swift; sourceTree = "<group>"; };
		CD9D3B6B24C1C32A00A3D85D /* CollectGroupEquipmentViewController.swift */ = {isa = PBXFileReference; fileEncoding = 4; lastKnownFileType = sourcecode.swift; path = CollectGroupEquipmentViewController.swift; sourceTree = "<group>"; };
		CD9D3B6C24C1C32A00A3D85D /* CollectGroupPlayingFeeViewController.swift */ = {isa = PBXFileReference; fileEncoding = 4; lastKnownFileType = sourcecode.swift; path = CollectGroupPlayingFeeViewController.swift; sourceTree = "<group>"; };
		CD9D3B6D24C1C32A00A3D85D /* checkRequestStatusAcceptedDJ.xib */ = {isa = PBXFileReference; fileEncoding = 4; lastKnownFileType = file.xib; path = checkRequestStatusAcceptedDJ.xib; sourceTree = "<group>"; };
		CD9D3B6E24C1C32A00A3D85D /* Group.swift */ = {isa = PBXFileReference; fileEncoding = 4; lastKnownFileType = sourcecode.swift; path = Group.swift; sourceTree = "<group>"; };
		CD9D3B6F24C1C32A00A3D85D /* checkRequestStatusOpenDJ.swift */ = {isa = PBXFileReference; fileEncoding = 4; lastKnownFileType = sourcecode.swift; path = checkRequestStatusOpenDJ.swift; sourceTree = "<group>"; };
		CD9D3B7024C1C32A00A3D85D /* GroupInitialViewController.swift */ = {isa = PBXFileReference; fileEncoding = 4; lastKnownFileType = sourcecode.swift; path = GroupInitialViewController.swift; sourceTree = "<group>"; };
		CD9D3B7124C1C32A00A3D85D /* LoginViewController.swift */ = {isa = PBXFileReference; fileEncoding = 4; lastKnownFileType = sourcecode.swift; path = LoginViewController.swift; sourceTree = "<group>"; };
		CD9D3B7224C1C32A00A3D85D /* GroupCalendarViewController.swift */ = {isa = PBXFileReference; fileEncoding = 4; lastKnownFileType = sourcecode.swift; path = GroupCalendarViewController.swift; sourceTree = "<group>"; };
		CD9D3B7324C1C32A00A3D85D /* CollectVendorEquipmentViewController.swift */ = {isa = PBXFileReference; fileEncoding = 4; lastKnownFileType = sourcecode.swift; path = CollectVendorEquipmentViewController.swift; sourceTree = "<group>"; };
		CD9D3B7424C1C32A00A3D85D /* AppDelegate.swift */ = {isa = PBXFileReference; fileEncoding = 4; lastKnownFileType = sourcecode.swift; path = AppDelegate.swift; sourceTree = "<group>"; };
		CD9D3B7524C1C32A00A3D85D /* GroupFinalNotesViewController.swift */ = {isa = PBXFileReference; fileEncoding = 4; lastKnownFileType = sourcecode.swift; path = GroupFinalNotesViewController.swift; sourceTree = "<group>"; };
		CD9D3B7624C1C32A00A3D85D /* checkRequestStatusOpenDJ.xib */ = {isa = PBXFileReference; fileEncoding = 4; lastKnownFileType = file.xib; path = checkRequestStatusOpenDJ.xib; sourceTree = "<group>"; };
		CD9D3B7724C1C32A00A3D85D /* VendorPlayingFeeViewController.swift */ = {isa = PBXFileReference; fileEncoding = 4; lastKnownFileType = sourcecode.swift; path = VendorPlayingFeeViewController.swift; sourceTree = "<group>"; };
		CD9D3B7824C1C32A00A3D85D /* VendorFinalNotesViewController.swift */ = {isa = PBXFileReference; fileEncoding = 4; lastKnownFileType = sourcecode.swift; path = VendorFinalNotesViewController.swift; sourceTree = "<group>"; };
		CD9D3B7924C1C32A00A3D85D /* SideMain.storyboard */ = {isa = PBXFileReference; fileEncoding = 4; lastKnownFileType = file.storyboard; path = SideMain.storyboard; sourceTree = "<group>"; };
		CD9D3B7A24C1C32A00A3D85D /* VendorSignUpViewController.swift */ = {isa = PBXFileReference; fileEncoding = 4; lastKnownFileType = sourcecode.swift; path = VendorSignUpViewController.swift; sourceTree = "<group>"; };
		CD9D3B7B24C1C32A00A3D85D /* CollectVendorProfilePicViewController.swift */ = {isa = PBXFileReference; fileEncoding = 4; lastKnownFileType = sourcecode.swift; path = CollectVendorProfilePicViewController.swift; sourceTree = "<group>"; };
		CD9D3B7C24C1C32A00A3D85D /* EditDJProfileViewController.swift */ = {isa = PBXFileReference; fileEncoding = 4; lastKnownFileType = sourcecode.swift; path = EditDJProfileViewController.swift; sourceTree = "<group>"; };
		CD9D3B7D24C1C32A00A3D85D /* OptionToSelect.swift */ = {isa = PBXFileReference; fileEncoding = 4; lastKnownFileType = sourcecode.swift; path = OptionToSelect.swift; sourceTree = "<group>"; };
		CD9D3B7E24C1C32A00A3D85D /* DJSignupViewController.swift */ = {isa = PBXFileReference; fileEncoding = 4; lastKnownFileType = sourcecode.swift; path = DJSignupViewController.swift; sourceTree = "<group>"; };
		CD9D3B7F24C1C32A00A3D85D /* DJProfileForGroupViewController.swift */ = {isa = PBXFileReference; fileEncoding = 4; lastKnownFileType = sourcecode.swift; path = DJProfileForGroupViewController.swift; sourceTree = "<group>"; };
		CD9D3B8024C1C32A00A3D85D /* Info.plist */ = {isa = PBXFileReference; fileEncoding = 4; lastKnownFileType = text.plist.xml; path = Info.plist; sourceTree = "<group>"; };
		CD9D3B8124C1C32A00A3D85D /* GroupExploreViewController.swift */ = {isa = PBXFileReference; fileEncoding = 4; lastKnownFileType = sourcecode.swift; path = GroupExploreViewController.swift; sourceTree = "<group>"; };
		CD9D3B8224C1C32A00A3D85D /* SceneDelegate.swift */ = {isa = PBXFileReference; fileEncoding = 4; lastKnownFileType = sourcecode.swift; path = SceneDelegate.swift; sourceTree = "<group>"; };
		CD9D3B8324C1C32A00A3D85D /* SocializerSignUpViewController.swift */ = {isa = PBXFileReference; fileEncoding = 4; lastKnownFileType = sourcecode.swift; path = SocializerSignUpViewController.swift; sourceTree = "<group>"; };
		DDC233B0C24127F7B6B854A9 /* Pods-Booking.release.xcconfig */ = {isa = PBXFileReference; includeInIndex = 1; lastKnownFileType = text.xcconfig; name = "Pods-Booking.release.xcconfig"; path = "Target Support Files/Pods-Booking/Pods-Booking.release.xcconfig"; sourceTree = "<group>"; };
		ED699F371A2993D3B76D66E0 /* Pods_Booking.framework */ = {isa = PBXFileReference; explicitFileType = wrapper.framework; includeInIndex = 0; path = Pods_Booking.framework; sourceTree = BUILT_PRODUCTS_DIR; };
		EF0AB35EA62B198B81F46002 /* Pods-BookingTests.release.xcconfig */ = {isa = PBXFileReference; includeInIndex = 1; lastKnownFileType = text.xcconfig; name = "Pods-BookingTests.release.xcconfig"; path = "Target Support Files/Pods-BookingTests/Pods-BookingTests.release.xcconfig"; sourceTree = "<group>"; };
/* End PBXFileReference section */

/* Begin PBXFrameworksBuildPhase section */
		5DE698DA248DB92600301B39 /* Frameworks */ = {
			isa = PBXFrameworksBuildPhase;
			buildActionMask = 2147483647;
			files = (
				479DF79D35D0A425F450CCDF /* Pods_Booking.framework in Frameworks */,
			);
			runOnlyForDeploymentPostprocessing = 0;
		};
		5DE698F0248DB93000301B39 /* Frameworks */ = {
			isa = PBXFrameworksBuildPhase;
			buildActionMask = 2147483647;
			files = (
				2F86396BB586F46C97CFEF8E /* Pods_BookingTests.framework in Frameworks */,
			);
			runOnlyForDeploymentPostprocessing = 0;
		};
		5DE698FB248DB93000301B39 /* Frameworks */ = {
			isa = PBXFrameworksBuildPhase;
			buildActionMask = 2147483647;
			files = (
				43DB8D5CF7CD7F5ABEDA8F31 /* Pods_Booking_BookingUITests.framework in Frameworks */,
			);
			runOnlyForDeploymentPostprocessing = 0;
		};
/* End PBXFrameworksBuildPhase section */

/* Begin PBXGroup section */
		276E0694E602ED4CA9F78C95 /* Pods */ = {
			isa = PBXGroup;
			children = (
				5809FB3C41A3EEC35105BBA8 /* Pods-Booking.debug.xcconfig */,
				DDC233B0C24127F7B6B854A9 /* Pods-Booking.release.xcconfig */,
				572733D997C660A83A8E95A5 /* Pods-Booking-BookingUITests.debug.xcconfig */,
				AC6EE0B597BABDFEB215D9AC /* Pods-Booking-BookingUITests.release.xcconfig */,
				7D6F94111F73D9926B1F0069 /* Pods-BookingTests.debug.xcconfig */,
				EF0AB35EA62B198B81F46002 /* Pods-BookingTests.release.xcconfig */,
			);
			path = Pods;
			sourceTree = "<group>";
		};
		5DE698D4248DB92600301B39 = {
			isa = PBXGroup;
			children = (
				2455769F24C7E1AB00F414DE /* PushNotificationSender.swift */,
				24825CBC24C7AE7C003C19AD /* StatusNotificationStore.swift */,
				24825CB124C7840D003C19AD /* Booking.entitlements */,
				CD4C9DA424C1E5C500EF33E6 /* EventSelectionCell.xib */,
				CD4C9DA224C1E56D00EF33E6 /* EventSelectionCell.swift */,
				CD9D3B5C24C1C32A00A3D85D /* Main.storyboard */,
				24825CAF24C77F46003C19AD /* GoogleService-Info.plist */,
				CD9D3B6A24C1C32A00A3D85D /* AlertView.swift */,
				CD9D3B6424C1C32A00A3D85D /* AlertView.xib */,
				24825CB224C7860F003C19AD /* PushNotificationManager.swift */,
				CD9D3B7424C1C32A00A3D85D /* AppDelegate.swift */,
				CD9D3B5224C1C32A00A3D85D /* Assets.xcassets */,
				CD9D3B5024C1C32A00A3D85D /* checkRequestStatusAcceptedDJ.swift */,
				24825CBE24C7B3B7003C19AD /* StatusNotificationItemCell.swift */,
				CD9D3B6D24C1C32A00A3D85D /* checkRequestStatusAcceptedDJ.xib */,
				CD9D3B4F24C1C32A00A3D85D /* checkRequestStatusAcceptedGroup.swift */,
				CD9D3B4724C1C32A00A3D85D /* checkRequestStatusAcceptedGroup.xib */,
				CD9D3B5924C1C32A00A3D85D /* checkRequestStatusCounter.swift */,
				CD9D3B4C24C1C32A00A3D85D /* checkRequestStatusCounter.xib */,
				CD9D3B3C24C1C32A00A3D85D /* checkRequestStatusDeclined.swift */,
				CD9D3B4A24C1C32A00A3D85D /* checkRequestStatusDeclined.xib */,
				24825CBA24C7ACE3003C19AD /* StatusNotificationItem.swift */,
				CD9D3B6724C1C32A00A3D85D /* checkRequestStatusOpen.swift */,
				CD9D3B3A24C1C32A00A3D85D /* checkRequestStatusOpen.xib */,
				CD9D3B6F24C1C32A00A3D85D /* checkRequestStatusOpenDJ.swift */,
				CD9D3B7624C1C32A00A3D85D /* checkRequestStatusOpenDJ.xib */,
				CD9D3B4124C1C32A00A3D85D /* CollectDJEquipmentViewController.swift */,
				CD9D3B3D24C1C32A00A3D85D /* CollectDJGenresViewController.swift */,
				CD9D3B4E24C1C32A00A3D85D /* CollectDJLinkViewController.swift */,
				CD9D3B4824C1C32A00A3D85D /* CollectDJPlayingFeeViewController.swift */,
				CD9D3B3E24C1C32A00A3D85D /* CollectDJProfilePicViewController.swift */,
				CD9D3B6B24C1C32A00A3D85D /* CollectGroupEquipmentViewController.swift */,
				CD9D3B6C24C1C32A00A3D85D /* CollectGroupPlayingFeeViewController.swift */,
				CD9D3B6224C1C32A00A3D85D /* CollectGroupProfilePicViewController.swift */,
				CD9D3B7324C1C32A00A3D85D /* CollectVendorEquipmentViewController.swift */,
				CD9D3B7B24C1C32A00A3D85D /* CollectVendorProfilePicViewController.swift */,
				CD9D3B5D24C1C32A00A3D85D /* createEventView.swift */,
				CD9D3B5124C1C32A00A3D85D /* createEventView.xib */,
				CD9D3B6124C1C32A00A3D85D /* createRequestView.swift */,
				CD9D3B4924C1C32A00A3D85D /* createRequestView.xib */,
				CD9D3B5424C1C32A00A3D85D /* DJ.swift */,
				CD9D3B6524C1C32A00A3D85D /* DJFinalNotesViewController.swift */,
				CD9D3B4424C1C32A00A3D85D /* DJInitialViewController.swift */,
				CD9D3B4224C1C32A00A3D85D /* DJorGroupViewController.swift */,
				CD9D3B7F24C1C32A00A3D85D /* DJProfileForGroupViewController.swift */,
				CD9D3B6024C1C32A00A3D85D /* DJProfileViewController.swift */,
				CD9D3B7E24C1C32A00A3D85D /* DJSignupViewController.swift */,
				CD9D3B7C24C1C32A00A3D85D /* EditDJProfileViewController.swift */,
				CD9D3B5A24C1C32A00A3D85D /* EditGroupProfileViewController.swift */,
				CD9D3B4324C1C32A00A3D85D /* Event.swift */,
				CD9D3B3F24C1C32A00A3D85D /* EventCell.swift */,
				CD9D3B6324C1C32A00A3D85D /* ExplorePageSearchResultCell.swift */,
				CD9D3B6E24C1C32A00A3D85D /* Group.swift */,
				CD9D3B7224C1C32A00A3D85D /* GroupCalendarViewController.swift */,
				CD9D3B8124C1C32A00A3D85D /* GroupExploreViewController.swift */,
				CD9D3B7524C1C32A00A3D85D /* GroupFinalNotesViewController.swift */,
				CD9D3B7024C1C32A00A3D85D /* GroupInitialViewController.swift */,
				CD9D3B3824C1C32A00A3D85D /* GroupProfileViewController.swift */,
				CD9D3B5324C1C32A00A3D85D /* GroupSignUpViewController.swift */,
				CD9D3B5824C1C32A00A3D85D /* HomeViewController.swift */,
				CD9D3B8024C1C32A00A3D85D /* Info.plist */,
				CD9D3B4D24C1C32A00A3D85D /* InitialScreen.swift */,
				CD9D3B5F24C1C32A00A3D85D /* InviteContactsCell.swift */,
				CD9D3B5B24C1C32A00A3D85D /* InviteContactsViewController.swift */,
				CD9D3B3B24C1C32A00A3D85D /* LaunchScreen.storyboard */,
				CD9D3B7124C1C32A00A3D85D /* LoginViewController.swift */,
				CD9D3B7D24C1C32A00A3D85D /* OptionToSelect.swift */,
				CD9D3B6824C1C32A00A3D85D /* Request.swift */,
				CD9D3B6624C1C32A00A3D85D /* RequestCell.swift */,
				CD9D3B8224C1C32A00A3D85D /* SceneDelegate.swift */,
				CD9D3B5724C1C32A00A3D85D /* showRequestStatus.swift */,
				CD9D3B7924C1C32A00A3D85D /* SideMain.storyboard */,
				24825CC024C7B46A003C19AD /* StatusNotificationTableViewController.swift */,
				24825CC224C7B60B003C19AD /* SafariPageThing.swift */,
				CD9D3B6924C1C32A00A3D85D /* SocializerFinalNotesViewController.swift */,
				CD9D3B4B24C1C32A00A3D85D /* SocializerInitialViewController.swift */,
				CD9D3B4624C1C32A00A3D85D /* socializerMapViewController.swift */,
				CD9D3B4024C1C32A00A3D85D /* SocializerProfilePictureViewController.swift */,
				CD9D3B8324C1C32A00A3D85D /* SocializerSignUpViewController.swift */,
				CD9D3B5E24C1C32A00A3D85D /* StartViewController.swift */,
				CD9D3B5524C1C32A00A3D85D /* User.swift */,
				CD9D3B3924C1C32A00A3D85D /* Vendor.swift */,
				CD9D3B7824C1C32A00A3D85D /* VendorFinalNotesViewController.swift */,
				CD9D3B4524C1C32A00A3D85D /* VendorInitialViewController.swift */,
				CD9D3B7724C1C32A00A3D85D /* VendorPlayingFeeViewController.swift */,
				CD9D3B7A24C1C32A00A3D85D /* VendorSignUpViewController.swift */,
				5DE698F6248DB93000301B39 /* BookingTests */,
				5DE69901248DB93000301B39 /* BookingUITests */,
				5DE698DE248DB92600301B39 /* Products */,
				276E0694E602ED4CA9F78C95 /* Pods */,
				B24CFCB92A93F99EADF8A967 /* Frameworks */,
			);
			sourceTree = "<group>";
		};
		5DE698DE248DB92600301B39 /* Products */ = {
			isa = PBXGroup;
			children = (
				5DE698DD248DB92600301B39 /* Booking.app */,
				5DE698F3248DB93000301B39 /* BookingTests.xctest */,
				5DE698FE248DB93000301B39 /* BookingUITests.xctest */,
			);
			name = Products;
			sourceTree = "<group>";
		};
		5DE698F6248DB93000301B39 /* BookingTests */ = {
			isa = PBXGroup;
			children = (
				5DE698F7248DB93000301B39 /* BookingTests.swift */,
				5DE698F9248DB93000301B39 /* Info.plist */,
			);
			path = BookingTests;
			sourceTree = "<group>";
		};
		5DE69901248DB93000301B39 /* BookingUITests */ = {
			isa = PBXGroup;
			children = (
				5DE69902248DB93000301B39 /* BookingUITests.swift */,
				5DE69904248DB93000301B39 /* Info.plist */,
			);
			path = BookingUITests;
			sourceTree = "<group>";
		};
		B24CFCB92A93F99EADF8A967 /* Frameworks */ = {
			isa = PBXGroup;
			children = (
				24593EE224A98292002C2729 /* Mapbox.framework */,
				ED699F371A2993D3B76D66E0 /* Pods_Booking.framework */,
				C56D6B79E1497CC26A269A1C /* Pods_Booking_BookingUITests.framework */,
				6B1A24D4CC0398587A1539D8 /* Pods_BookingTests.framework */,
			);
			name = Frameworks;
			sourceTree = "<group>";
		};
/* End PBXGroup section */

/* Begin PBXNativeTarget section */
		5DE698DC248DB92600301B39 /* Booking */ = {
			isa = PBXNativeTarget;
			buildConfigurationList = 5DE69907248DB93000301B39 /* Build configuration list for PBXNativeTarget "Booking" */;
			buildPhases = (
				6B6A1488F313AFEC9210D82D /* [CP] Check Pods Manifest.lock */,
				5DE698D9248DB92600301B39 /* Sources */,
				5DE698DA248DB92600301B39 /* Frameworks */,
				5DE698DB248DB92600301B39 /* Resources */,
				6CB57BA5D29EDB22EC9C1681 /* [CP] Embed Pods Frameworks */,
				AA40C244B5D9A0C12BCFF7A1 /* [CP] Copy Pods Resources */,
			);
			buildRules = (
			);
			dependencies = (
			);
			name = Booking;
			productName = Booking;
			productReference = 5DE698DD248DB92600301B39 /* Booking.app */;
			productType = "com.apple.product-type.application";
		};
		5DE698F2248DB93000301B39 /* BookingTests */ = {
			isa = PBXNativeTarget;
			buildConfigurationList = 5DE6990A248DB93000301B39 /* Build configuration list for PBXNativeTarget "BookingTests" */;
			buildPhases = (
				4A633F2FF6921A41F5150B5E /* [CP] Check Pods Manifest.lock */,
				5DE698EF248DB93000301B39 /* Sources */,
				5DE698F0248DB93000301B39 /* Frameworks */,
				5DE698F1248DB93000301B39 /* Resources */,
			);
			buildRules = (
			);
			dependencies = (
				5DE698F5248DB93000301B39 /* PBXTargetDependency */,
			);
			name = BookingTests;
			productName = BookingTests;
			productReference = 5DE698F3248DB93000301B39 /* BookingTests.xctest */;
			productType = "com.apple.product-type.bundle.unit-test";
		};
		5DE698FD248DB93000301B39 /* BookingUITests */ = {
			isa = PBXNativeTarget;
			buildConfigurationList = 5DE6990D248DB93000301B39 /* Build configuration list for PBXNativeTarget "BookingUITests" */;
			buildPhases = (
				69F2A662E906F2F1F0BFDE34 /* [CP] Check Pods Manifest.lock */,
				5DE698FA248DB93000301B39 /* Sources */,
				5DE698FB248DB93000301B39 /* Frameworks */,
				5DE698FC248DB93000301B39 /* Resources */,
				3AC55538D9FA4E15CB51C3A6 /* [CP] Embed Pods Frameworks */,
				F44D2B28CFCC4CB517608264 /* [CP] Copy Pods Resources */,
			);
			buildRules = (
			);
			dependencies = (
				5DE69900248DB93000301B39 /* PBXTargetDependency */,
			);
			name = BookingUITests;
			productName = BookingUITests;
			productReference = 5DE698FE248DB93000301B39 /* BookingUITests.xctest */;
			productType = "com.apple.product-type.bundle.ui-testing";
		};
/* End PBXNativeTarget section */

/* Begin PBXProject section */
		5DE698D5248DB92600301B39 /* Project object */ = {
			isa = PBXProject;
			attributes = {
				LastSwiftUpdateCheck = 1140;
				LastUpgradeCheck = 1140;
				ORGANIZATIONNAME = Rehan;
				TargetAttributes = {
					5DE698DC248DB92600301B39 = {
						CreatedOnToolsVersion = 11.4;
					};
					5DE698F2248DB93000301B39 = {
						CreatedOnToolsVersion = 11.4;
						TestTargetID = 5DE698DC248DB92600301B39;
					};
					5DE698FD248DB93000301B39 = {
						CreatedOnToolsVersion = 11.4;
						TestTargetID = 5DE698DC248DB92600301B39;
					};
				};
			};
			buildConfigurationList = 5DE698D8248DB92600301B39 /* Build configuration list for PBXProject "Booking" */;
			compatibilityVersion = "Xcode 9.3";
			developmentRegion = en;
			hasScannedForEncodings = 0;
			knownRegions = (
				en,
				Base,
			);
			mainGroup = 5DE698D4248DB92600301B39;
			productRefGroup = 5DE698DE248DB92600301B39 /* Products */;
			projectDirPath = "";
			projectRoot = "";
			targets = (
				5DE698DC248DB92600301B39 /* Booking */,
				5DE698F2248DB93000301B39 /* BookingTests */,
				5DE698FD248DB93000301B39 /* BookingUITests */,
			);
		};
/* End PBXProject section */

/* Begin PBXResourcesBuildPhase section */
		5DE698DB248DB92600301B39 /* Resources */ = {
			isa = PBXResourcesBuildPhase;
			buildActionMask = 2147483647;
			files = (
				CD9D3BDC24C1CA6C00A3D85D /* createRequestView.xib in Resources */,
				CD9D3BD824C1CA5D00A3D85D /* checkRequestStatusOpen.xib in Resources */,
				CD9D3BD624C1CA5300A3D85D /* checkRequestStatusCounter.xib in Resources */,
				CD9D3BD724C1CA5900A3D85D /* checkRequestStatusDeclined.xib in Resources */,
				CD9D3BD424C1CA4200A3D85D /* AlertView.xib in Resources */,
				CD9D3BD224C1C92C00A3D85D /* Main.storyboard in Resources */,
				CD9D3BDE24C1CA7F00A3D85D /* SideMain.storyboard in Resources */,
				CD9D3BD924C1CA6000A3D85D /* checkRequestStatusOpenDJ.xib in Resources */,
				CD9D3BD524C1CA4D00A3D85D /* checkRequestStatusAcceptedGroup.xib in Resources */,
				CD9D3BDD24C1CA7B00A3D85D /* LaunchScreen.storyboard in Resources */,
				CD9D3BD324C1CA3A00A3D85D /* checkRequestStatusAcceptedDJ.xib in Resources */,
				CD9D3BDB24C1CA6700A3D85D /* createEventView.xib in Resources */,
				CD4C9DA524C1E5C500EF33E6 /* EventSelectionCell.xib in Resources */,
				24825CB024C77F47003C19AD /* GoogleService-Info.plist in Resources */,
			);
			runOnlyForDeploymentPostprocessing = 0;
		};
		5DE698F1248DB93000301B39 /* Resources */ = {
			isa = PBXResourcesBuildPhase;
			buildActionMask = 2147483647;
			files = (
			);
			runOnlyForDeploymentPostprocessing = 0;
		};
		5DE698FC248DB93000301B39 /* Resources */ = {
			isa = PBXResourcesBuildPhase;
			buildActionMask = 2147483647;
			files = (
			);
			runOnlyForDeploymentPostprocessing = 0;
		};
/* End PBXResourcesBuildPhase section */

/* Begin PBXShellScriptBuildPhase section */
		3AC55538D9FA4E15CB51C3A6 /* [CP] Embed Pods Frameworks */ = {
			isa = PBXShellScriptBuildPhase;
			buildActionMask = 2147483647;
			files = (
			);
			inputFileListPaths = (
				"${PODS_ROOT}/Target Support Files/Pods-Booking-BookingUITests/Pods-Booking-BookingUITests-frameworks-${CONFIGURATION}-input-files.xcfilelist",
			);
			name = "[CP] Embed Pods Frameworks";
			outputFileListPaths = (
				"${PODS_ROOT}/Target Support Files/Pods-Booking-BookingUITests/Pods-Booking-BookingUITests-frameworks-${CONFIGURATION}-output-files.xcfilelist",
			);
			runOnlyForDeploymentPostprocessing = 0;
			shellPath = /bin/sh;
			shellScript = "\"${PODS_ROOT}/Target Support Files/Pods-Booking-BookingUITests/Pods-Booking-BookingUITests-frameworks.sh\"\n";
			showEnvVarsInLog = 0;
		};
		4A633F2FF6921A41F5150B5E /* [CP] Check Pods Manifest.lock */ = {
			isa = PBXShellScriptBuildPhase;
			buildActionMask = 2147483647;
			files = (
			);
			inputFileListPaths = (
			);
			inputPaths = (
				"${PODS_PODFILE_DIR_PATH}/Podfile.lock",
				"${PODS_ROOT}/Manifest.lock",
			);
			name = "[CP] Check Pods Manifest.lock";
			outputFileListPaths = (
			);
			outputPaths = (
				"$(DERIVED_FILE_DIR)/Pods-BookingTests-checkManifestLockResult.txt",
			);
			runOnlyForDeploymentPostprocessing = 0;
			shellPath = /bin/sh;
			shellScript = "diff \"${PODS_PODFILE_DIR_PATH}/Podfile.lock\" \"${PODS_ROOT}/Manifest.lock\" > /dev/null\nif [ $? != 0 ] ; then\n    # print error to STDERR\n    echo \"error: The sandbox is not in sync with the Podfile.lock. Run 'pod install' or update your CocoaPods installation.\" >&2\n    exit 1\nfi\n# This output is used by Xcode 'outputs' to avoid re-running this script phase.\necho \"SUCCESS\" > \"${SCRIPT_OUTPUT_FILE_0}\"\n";
			showEnvVarsInLog = 0;
		};
		69F2A662E906F2F1F0BFDE34 /* [CP] Check Pods Manifest.lock */ = {
			isa = PBXShellScriptBuildPhase;
			buildActionMask = 2147483647;
			files = (
			);
			inputFileListPaths = (
			);
			inputPaths = (
				"${PODS_PODFILE_DIR_PATH}/Podfile.lock",
				"${PODS_ROOT}/Manifest.lock",
			);
			name = "[CP] Check Pods Manifest.lock";
			outputFileListPaths = (
			);
			outputPaths = (
				"$(DERIVED_FILE_DIR)/Pods-Booking-BookingUITests-checkManifestLockResult.txt",
			);
			runOnlyForDeploymentPostprocessing = 0;
			shellPath = /bin/sh;
			shellScript = "diff \"${PODS_PODFILE_DIR_PATH}/Podfile.lock\" \"${PODS_ROOT}/Manifest.lock\" > /dev/null\nif [ $? != 0 ] ; then\n    # print error to STDERR\n    echo \"error: The sandbox is not in sync with the Podfile.lock. Run 'pod install' or update your CocoaPods installation.\" >&2\n    exit 1\nfi\n# This output is used by Xcode 'outputs' to avoid re-running this script phase.\necho \"SUCCESS\" > \"${SCRIPT_OUTPUT_FILE_0}\"\n";
			showEnvVarsInLog = 0;
		};
		6B6A1488F313AFEC9210D82D /* [CP] Check Pods Manifest.lock */ = {
			isa = PBXShellScriptBuildPhase;
			buildActionMask = 2147483647;
			files = (
			);
			inputFileListPaths = (
			);
			inputPaths = (
				"${PODS_PODFILE_DIR_PATH}/Podfile.lock",
				"${PODS_ROOT}/Manifest.lock",
			);
			name = "[CP] Check Pods Manifest.lock";
			outputFileListPaths = (
			);
			outputPaths = (
				"$(DERIVED_FILE_DIR)/Pods-Booking-checkManifestLockResult.txt",
			);
			runOnlyForDeploymentPostprocessing = 0;
			shellPath = /bin/sh;
			shellScript = "diff \"${PODS_PODFILE_DIR_PATH}/Podfile.lock\" \"${PODS_ROOT}/Manifest.lock\" > /dev/null\nif [ $? != 0 ] ; then\n    # print error to STDERR\n    echo \"error: The sandbox is not in sync with the Podfile.lock. Run 'pod install' or update your CocoaPods installation.\" >&2\n    exit 1\nfi\n# This output is used by Xcode 'outputs' to avoid re-running this script phase.\necho \"SUCCESS\" > \"${SCRIPT_OUTPUT_FILE_0}\"\n";
			showEnvVarsInLog = 0;
		};
		6CB57BA5D29EDB22EC9C1681 /* [CP] Embed Pods Frameworks */ = {
			isa = PBXShellScriptBuildPhase;
			buildActionMask = 2147483647;
			files = (
			);
			inputFileListPaths = (
				"${PODS_ROOT}/Target Support Files/Pods-Booking/Pods-Booking-frameworks-${CONFIGURATION}-input-files.xcfilelist",
			);
			name = "[CP] Embed Pods Frameworks";
			outputFileListPaths = (
				"${PODS_ROOT}/Target Support Files/Pods-Booking/Pods-Booking-frameworks-${CONFIGURATION}-output-files.xcfilelist",
			);
			runOnlyForDeploymentPostprocessing = 0;
			shellPath = /bin/sh;
			shellScript = "\"${PODS_ROOT}/Target Support Files/Pods-Booking/Pods-Booking-frameworks.sh\"\n";
			showEnvVarsInLog = 0;
		};
		AA40C244B5D9A0C12BCFF7A1 /* [CP] Copy Pods Resources */ = {
			isa = PBXShellScriptBuildPhase;
			buildActionMask = 2147483647;
			files = (
			);
			inputFileListPaths = (
				"${PODS_ROOT}/Target Support Files/Pods-Booking/Pods-Booking-resources-${CONFIGURATION}-input-files.xcfilelist",
			);
			name = "[CP] Copy Pods Resources";
			outputFileListPaths = (
				"${PODS_ROOT}/Target Support Files/Pods-Booking/Pods-Booking-resources-${CONFIGURATION}-output-files.xcfilelist",
			);
			runOnlyForDeploymentPostprocessing = 0;
			shellPath = /bin/sh;
			shellScript = "\"${PODS_ROOT}/Target Support Files/Pods-Booking/Pods-Booking-resources.sh\"\n";
			showEnvVarsInLog = 0;
		};
		F44D2B28CFCC4CB517608264 /* [CP] Copy Pods Resources */ = {
			isa = PBXShellScriptBuildPhase;
			buildActionMask = 2147483647;
			files = (
			);
			inputFileListPaths = (
				"${PODS_ROOT}/Target Support Files/Pods-Booking-BookingUITests/Pods-Booking-BookingUITests-resources-${CONFIGURATION}-input-files.xcfilelist",
			);
			name = "[CP] Copy Pods Resources";
			outputFileListPaths = (
				"${PODS_ROOT}/Target Support Files/Pods-Booking-BookingUITests/Pods-Booking-BookingUITests-resources-${CONFIGURATION}-output-files.xcfilelist",
			);
			runOnlyForDeploymentPostprocessing = 0;
			shellPath = /bin/sh;
			shellScript = "\"${PODS_ROOT}/Target Support Files/Pods-Booking-BookingUITests/Pods-Booking-BookingUITests-resources.sh\"\n";
			showEnvVarsInLog = 0;
		};
/* End PBXShellScriptBuildPhase section */

/* Begin PBXSourcesBuildPhase section */
		5DE698D9248DB92600301B39 /* Sources */ = {
			isa = PBXSourcesBuildPhase;
			buildActionMask = 2147483647;
			files = (
				CD9D3BBF24C1C32A00A3D85D /* CollectVendorEquipmentViewController.swift in Sources */,
				CD9D3B8424C1C32A00A3D85D /* GroupProfileViewController.swift in Sources */,
				CD9D3BB224C1C32A00A3D85D /* RequestCell.swift in Sources */,
				CD9D3B9B24C1C32A00A3D85D /* checkRequestStatusAcceptedGroup.swift in Sources */,
				CD9D3BB124C1C32A00A3D85D /* DJFinalNotesViewController.swift in Sources */,
				24825CC324C7B60C003C19AD /* SafariPageThing.swift in Sources */,
				CD9D3BBB24C1C32A00A3D85D /* checkRequestStatusOpenDJ.swift in Sources */,
				CD9D3BBA24C1C32A00A3D85D /* Group.swift in Sources */,
				CD9D3BAA24C1C32A00A3D85D /* StartViewController.swift in Sources */,
				CD9D3BC724C1C32A00A3D85D /* CollectVendorProfilePicViewController.swift in Sources */,
				CD9D3BB624C1C32A00A3D85D /* AlertView.swift in Sources */,
				CD9D3B8E24C1C32A00A3D85D /* DJorGroupViewController.swift in Sources */,
				CD9D3B8924C1C32A00A3D85D /* CollectDJGenresViewController.swift in Sources */,
				CD9D3BC024C1C32A00A3D85D /* AppDelegate.swift in Sources */,
				CD9D3BC624C1C32A00A3D85D /* VendorSignUpViewController.swift in Sources */,
				CD9D3BAB24C1C32A00A3D85D /* InviteContactsCell.swift in Sources */,
				CD9D3B9F24C1C32A00A3D85D /* GroupSignUpViewController.swift in Sources */,
				CD9D3BA924C1C32A00A3D85D /* createEventView.swift in Sources */,
				CD9D3BB324C1C32A00A3D85D /* checkRequestStatusOpen.swift in Sources */,
				CD9D3BCB24C1C32A00A3D85D /* DJProfileForGroupViewController.swift in Sources */,
				CD9D3BBE24C1C32A00A3D85D /* GroupCalendarViewController.swift in Sources */,
				CD9D3B9024C1C32A00A3D85D /* DJInitialViewController.swift in Sources */,
				CD9D3B9724C1C32A00A3D85D /* SocializerInitialViewController.swift in Sources */,
				CD9D3BAD24C1C32A00A3D85D /* createRequestView.swift in Sources */,
				CD9D3BCF24C1C32A00A3D85D /* SocializerSignUpViewController.swift in Sources */,
				CD9D3B8C24C1C32A00A3D85D /* SocializerProfilePictureViewController.swift in Sources */,
				CD9D3BA024C1C32A00A3D85D /* DJ.swift in Sources */,
				CD9D3BAF24C1C32A00A3D85D /* ExplorePageSearchResultCell.swift in Sources */,
				CD9D3BA724C1C32A00A3D85D /* InviteContactsViewController.swift in Sources */,
				CD9D3B9424C1C32A00A3D85D /* CollectDJPlayingFeeViewController.swift in Sources */,
				CD9D3BA524C1C32A00A3D85D /* checkRequestStatusCounter.swift in Sources */,
				CD9D3BAC24C1C32A00A3D85D /* DJProfileViewController.swift in Sources */,
				CD9D3BCA24C1C32A00A3D85D /* DJSignupViewController.swift in Sources */,
				CD9D3BA124C1C32A00A3D85D /* User.swift in Sources */,
				CD9D3BA424C1C32A00A3D85D /* HomeViewController.swift in Sources */,
				CD9D3BBD24C1C32A00A3D85D /* LoginViewController.swift in Sources */,
				CD9D3BA324C1C32A00A3D85D /* showRequestStatus.swift in Sources */,
				CD9D3BCE24C1C32A00A3D85D /* SceneDelegate.swift in Sources */,
				CD9D3BC424C1C32A00A3D85D /* VendorFinalNotesViewController.swift in Sources */,
				CD9D3B8F24C1C32A00A3D85D /* Event.swift in Sources */,
				CD9D3BB724C1C32A00A3D85D /* CollectGroupEquipmentViewController.swift in Sources */,
				CD9D3B9A24C1C32A00A3D85D /* CollectDJLinkViewController.swift in Sources */,
				CD9D3B9C24C1C32A00A3D85D /* checkRequestStatusAcceptedDJ.swift in Sources */,
				24825CB324C7860F003C19AD /* PushNotificationManager.swift in Sources */,
				CD9D3B9924C1C32A00A3D85D /* InitialScreen.swift in Sources */,
				24825CBF24C7B3B7003C19AD /* StatusNotificationItemCell.swift in Sources */,
				CD9D3B8824C1C32A00A3D85D /* checkRequestStatusDeclined.swift in Sources */,
				CD9D3BB824C1C32A00A3D85D /* CollectGroupPlayingFeeViewController.swift in Sources */,
				CD4C9DA324C1E56D00EF33E6 /* EventSelectionCell.swift in Sources */,
				CD9D3B8D24C1C32A00A3D85D /* CollectDJEquipmentViewController.swift in Sources */,
				CD9D3BA624C1C32A00A3D85D /* EditGroupProfileViewController.swift in Sources */,
				24825CBD24C7AE7C003C19AD /* StatusNotificationStore.swift in Sources */,
				24825CBB24C7ACE3003C19AD /* StatusNotificationItem.swift in Sources */,
				CD9D3BC924C1C32A00A3D85D /* OptionToSelect.swift in Sources */,
				CD9D3BB424C1C32A00A3D85D /* Request.swift in Sources */,
				CD9D3B9224C1C32A00A3D85D /* socializerMapViewController.swift in Sources */,
				CD9D3BAE24C1C32A00A3D85D /* CollectGroupProfilePicViewController.swift in Sources */,
				CD9D3BC324C1C32A00A3D85D /* VendorPlayingFeeViewController.swift in Sources */,
				245576A024C7E1AB00F414DE /* PushNotificationSender.swift in Sources */,
				CD9D3BC124C1C32A00A3D85D /* GroupFinalNotesViewController.swift in Sources */,
				CD9D3B8524C1C32A00A3D85D /* Vendor.swift in Sources */,
				CD9D3BBC24C1C32A00A3D85D /* GroupInitialViewController.swift in Sources */,
				CD9D3B9124C1C32A00A3D85D /* VendorInitialViewController.swift in Sources */,
				CD9D3BB524C1C32A00A3D85D /* SocializerFinalNotesViewController.swift in Sources */,
				CD9D3BCD24C1C32A00A3D85D /* GroupExploreViewController.swift in Sources */,
				CD9D3BC824C1C32A00A3D85D /* EditDJProfileViewController.swift in Sources */,
				24825CC124C7B46B003C19AD /* StatusNotificationTableViewController.swift in Sources */,
				CD9D3B8B24C1C32A00A3D85D /* EventCell.swift in Sources */,
				CD9D3B8A24C1C32A00A3D85D /* CollectDJProfilePicViewController.swift in Sources */,
			);
			runOnlyForDeploymentPostprocessing = 0;
		};
		5DE698EF248DB93000301B39 /* Sources */ = {
			isa = PBXSourcesBuildPhase;
			buildActionMask = 2147483647;
			files = (
				5DE698F8248DB93000301B39 /* BookingTests.swift in Sources */,
			);
			runOnlyForDeploymentPostprocessing = 0;
		};
		5DE698FA248DB93000301B39 /* Sources */ = {
			isa = PBXSourcesBuildPhase;
			buildActionMask = 2147483647;
			files = (
				5DE69903248DB93000301B39 /* BookingUITests.swift in Sources */,
			);
			runOnlyForDeploymentPostprocessing = 0;
		};
/* End PBXSourcesBuildPhase section */

/* Begin PBXTargetDependency section */
		5DE698F5248DB93000301B39 /* PBXTargetDependency */ = {
			isa = PBXTargetDependency;
			target = 5DE698DC248DB92600301B39 /* Booking */;
			targetProxy = 5DE698F4248DB93000301B39 /* PBXContainerItemProxy */;
		};
		5DE69900248DB93000301B39 /* PBXTargetDependency */ = {
			isa = PBXTargetDependency;
			target = 5DE698DC248DB92600301B39 /* Booking */;
			targetProxy = 5DE698FF248DB93000301B39 /* PBXContainerItemProxy */;
		};
/* End PBXTargetDependency section */

/* Begin XCBuildConfiguration section */
		5DE69905248DB93000301B39 /* Debug */ = {
			isa = XCBuildConfiguration;
			buildSettings = {
				ALWAYS_SEARCH_USER_PATHS = NO;
				CLANG_ANALYZER_NONNULL = YES;
				CLANG_ANALYZER_NUMBER_OBJECT_CONVERSION = YES_AGGRESSIVE;
				CLANG_CXX_LANGUAGE_STANDARD = "gnu++14";
				CLANG_CXX_LIBRARY = "libc++";
				CLANG_ENABLE_MODULES = YES;
				CLANG_ENABLE_OBJC_ARC = YES;
				CLANG_ENABLE_OBJC_WEAK = YES;
				CLANG_WARN_BLOCK_CAPTURE_AUTORELEASING = YES;
				CLANG_WARN_BOOL_CONVERSION = YES;
				CLANG_WARN_COMMA = YES;
				CLANG_WARN_CONSTANT_CONVERSION = YES;
				CLANG_WARN_DEPRECATED_OBJC_IMPLEMENTATIONS = YES;
				CLANG_WARN_DIRECT_OBJC_ISA_USAGE = YES_ERROR;
				CLANG_WARN_DOCUMENTATION_COMMENTS = YES;
				CLANG_WARN_EMPTY_BODY = YES;
				CLANG_WARN_ENUM_CONVERSION = YES;
				CLANG_WARN_INFINITE_RECURSION = YES;
				CLANG_WARN_INT_CONVERSION = YES;
				CLANG_WARN_NON_LITERAL_NULL_CONVERSION = YES;
				CLANG_WARN_OBJC_IMPLICIT_RETAIN_SELF = YES;
				CLANG_WARN_OBJC_LITERAL_CONVERSION = YES;
				CLANG_WARN_OBJC_ROOT_CLASS = YES_ERROR;
				CLANG_WARN_RANGE_LOOP_ANALYSIS = YES;
				CLANG_WARN_STRICT_PROTOTYPES = YES;
				CLANG_WARN_SUSPICIOUS_MOVE = YES;
				CLANG_WARN_UNGUARDED_AVAILABILITY = YES_AGGRESSIVE;
				CLANG_WARN_UNREACHABLE_CODE = YES;
				CLANG_WARN__DUPLICATE_METHOD_MATCH = YES;
				COPY_PHASE_STRIP = NO;
				DEBUG_INFORMATION_FORMAT = dwarf;
				ENABLE_STRICT_OBJC_MSGSEND = YES;
				ENABLE_TESTABILITY = YES;
				GCC_C_LANGUAGE_STANDARD = gnu11;
				GCC_DYNAMIC_NO_PIC = NO;
				GCC_NO_COMMON_BLOCKS = YES;
				GCC_OPTIMIZATION_LEVEL = 0;
				GCC_PREPROCESSOR_DEFINITIONS = (
					"DEBUG=1",
					"$(inherited)",
				);
				GCC_WARN_64_TO_32_BIT_CONVERSION = YES;
				GCC_WARN_ABOUT_RETURN_TYPE = YES_ERROR;
				GCC_WARN_UNDECLARED_SELECTOR = YES;
				GCC_WARN_UNINITIALIZED_AUTOS = YES_AGGRESSIVE;
				GCC_WARN_UNUSED_FUNCTION = YES;
				GCC_WARN_UNUSED_VARIABLE = YES;
				IPHONEOS_DEPLOYMENT_TARGET = 13.4;
				MTL_ENABLE_DEBUG_INFO = INCLUDE_SOURCE;
				MTL_FAST_MATH = YES;
				ONLY_ACTIVE_ARCH = YES;
				SDKROOT = iphoneos;
				SWIFT_ACTIVE_COMPILATION_CONDITIONS = DEBUG;
				SWIFT_OPTIMIZATION_LEVEL = "-Onone";
			};
			name = Debug;
		};
		5DE69906248DB93000301B39 /* Release */ = {
			isa = XCBuildConfiguration;
			buildSettings = {
				ALWAYS_SEARCH_USER_PATHS = NO;
				CLANG_ANALYZER_NONNULL = YES;
				CLANG_ANALYZER_NUMBER_OBJECT_CONVERSION = YES_AGGRESSIVE;
				CLANG_CXX_LANGUAGE_STANDARD = "gnu++14";
				CLANG_CXX_LIBRARY = "libc++";
				CLANG_ENABLE_MODULES = YES;
				CLANG_ENABLE_OBJC_ARC = YES;
				CLANG_ENABLE_OBJC_WEAK = YES;
				CLANG_WARN_BLOCK_CAPTURE_AUTORELEASING = YES;
				CLANG_WARN_BOOL_CONVERSION = YES;
				CLANG_WARN_COMMA = YES;
				CLANG_WARN_CONSTANT_CONVERSION = YES;
				CLANG_WARN_DEPRECATED_OBJC_IMPLEMENTATIONS = YES;
				CLANG_WARN_DIRECT_OBJC_ISA_USAGE = YES_ERROR;
				CLANG_WARN_DOCUMENTATION_COMMENTS = YES;
				CLANG_WARN_EMPTY_BODY = YES;
				CLANG_WARN_ENUM_CONVERSION = YES;
				CLANG_WARN_INFINITE_RECURSION = YES;
				CLANG_WARN_INT_CONVERSION = YES;
				CLANG_WARN_NON_LITERAL_NULL_CONVERSION = YES;
				CLANG_WARN_OBJC_IMPLICIT_RETAIN_SELF = YES;
				CLANG_WARN_OBJC_LITERAL_CONVERSION = YES;
				CLANG_WARN_OBJC_ROOT_CLASS = YES_ERROR;
				CLANG_WARN_RANGE_LOOP_ANALYSIS = YES;
				CLANG_WARN_STRICT_PROTOTYPES = YES;
				CLANG_WARN_SUSPICIOUS_MOVE = YES;
				CLANG_WARN_UNGUARDED_AVAILABILITY = YES_AGGRESSIVE;
				CLANG_WARN_UNREACHABLE_CODE = YES;
				CLANG_WARN__DUPLICATE_METHOD_MATCH = YES;
				COPY_PHASE_STRIP = NO;
				DEBUG_INFORMATION_FORMAT = "dwarf-with-dsym";
				ENABLE_NS_ASSERTIONS = NO;
				ENABLE_STRICT_OBJC_MSGSEND = YES;
				GCC_C_LANGUAGE_STANDARD = gnu11;
				GCC_NO_COMMON_BLOCKS = YES;
				GCC_WARN_64_TO_32_BIT_CONVERSION = YES;
				GCC_WARN_ABOUT_RETURN_TYPE = YES_ERROR;
				GCC_WARN_UNDECLARED_SELECTOR = YES;
				GCC_WARN_UNINITIALIZED_AUTOS = YES_AGGRESSIVE;
				GCC_WARN_UNUSED_FUNCTION = YES;
				GCC_WARN_UNUSED_VARIABLE = YES;
				IPHONEOS_DEPLOYMENT_TARGET = 13.4;
				MTL_ENABLE_DEBUG_INFO = NO;
				MTL_FAST_MATH = YES;
				SDKROOT = iphoneos;
				SWIFT_COMPILATION_MODE = wholemodule;
				SWIFT_OPTIMIZATION_LEVEL = "-O";
				VALIDATE_PRODUCT = YES;
			};
			name = Release;
		};
		5DE69908248DB93000301B39 /* Debug */ = {
			isa = XCBuildConfiguration;
			baseConfigurationReference = 5809FB3C41A3EEC35105BBA8 /* Pods-Booking.debug.xcconfig */;
			buildSettings = {
				ASSETCATALOG_COMPILER_APPICON_NAME = AppIcon;
				CODE_SIGN_ENTITLEMENTS = Booking.entitlements;
				CODE_SIGN_STYLE = Automatic;
				DEVELOPMENT_TEAM = BT82RN8NHM;
				INFOPLIST_FILE = Info.plist;
				LD_RUNPATH_SEARCH_PATHS = (
					"$(inherited)",
					"@executable_path/Frameworks",
				);
				PRODUCT_BUNDLE_IDENTIFIER = com.booking.xoxo;
				PRODUCT_NAME = "$(TARGET_NAME)";
				SWIFT_VERSION = 5.0;
				TARGETED_DEVICE_FAMILY = "1,2";
			};
			name = Debug;
		};
		5DE69909248DB93000301B39 /* Release */ = {
			isa = XCBuildConfiguration;
			baseConfigurationReference = DDC233B0C24127F7B6B854A9 /* Pods-Booking.release.xcconfig */;
			buildSettings = {
				ASSETCATALOG_COMPILER_APPICON_NAME = AppIcon;
				CODE_SIGN_ENTITLEMENTS = Booking.entitlements;
				CODE_SIGN_STYLE = Automatic;
				DEVELOPMENT_TEAM = BT82RN8NHM;
				INFOPLIST_FILE = Info.plist;
				LD_RUNPATH_SEARCH_PATHS = (
					"$(inherited)",
					"@executable_path/Frameworks",
				);
				PRODUCT_BUNDLE_IDENTIFIER = com.booking.xoxo;
				PRODUCT_NAME = "$(TARGET_NAME)";
				SWIFT_VERSION = 5.0;
				TARGETED_DEVICE_FAMILY = "1,2";
			};
			name = Release;
		};
		5DE6990B248DB93000301B39 /* Debug */ = {
			isa = XCBuildConfiguration;
			baseConfigurationReference = 7D6F94111F73D9926B1F0069 /* Pods-BookingTests.debug.xcconfig */;
			buildSettings = {
				ALWAYS_EMBED_SWIFT_STANDARD_LIBRARIES = YES;
				BUNDLE_LOADER = "$(TEST_HOST)";
				CODE_SIGN_STYLE = Automatic;
				DEVELOPMENT_TEAM = L3UD2T89A9;
				INFOPLIST_FILE = BookingTests/Info.plist;
				IPHONEOS_DEPLOYMENT_TARGET = 13.4;
				LD_RUNPATH_SEARCH_PATHS = (
					"$(inherited)",
					"@executable_path/Frameworks",
					"@loader_path/Frameworks",
				);
				PRODUCT_BUNDLE_IDENTIFIER = Rehan.BookingTests;
				PRODUCT_NAME = "$(TARGET_NAME)";
				SWIFT_VERSION = 5.0;
				TARGETED_DEVICE_FAMILY = "1,2";
				TEST_HOST = "$(BUILT_PRODUCTS_DIR)/Booking.app/Booking";
			};
			name = Debug;
		};
		5DE6990C248DB93000301B39 /* Release */ = {
			isa = XCBuildConfiguration;
			baseConfigurationReference = EF0AB35EA62B198B81F46002 /* Pods-BookingTests.release.xcconfig */;
			buildSettings = {
				ALWAYS_EMBED_SWIFT_STANDARD_LIBRARIES = YES;
				BUNDLE_LOADER = "$(TEST_HOST)";
				CODE_SIGN_STYLE = Automatic;
				DEVELOPMENT_TEAM = L3UD2T89A9;
				INFOPLIST_FILE = BookingTests/Info.plist;
				IPHONEOS_DEPLOYMENT_TARGET = 13.4;
				LD_RUNPATH_SEARCH_PATHS = (
					"$(inherited)",
					"@executable_path/Frameworks",
					"@loader_path/Frameworks",
				);
				PRODUCT_BUNDLE_IDENTIFIER = Rehan.BookingTests;
				PRODUCT_NAME = "$(TARGET_NAME)";
				SWIFT_VERSION = 5.0;
				TARGETED_DEVICE_FAMILY = "1,2";
				TEST_HOST = "$(BUILT_PRODUCTS_DIR)/Booking.app/Booking";
			};
			name = Release;
		};
		5DE6990E248DB93000301B39 /* Debug */ = {
			isa = XCBuildConfiguration;
			baseConfigurationReference = 572733D997C660A83A8E95A5 /* Pods-Booking-BookingUITests.debug.xcconfig */;
			buildSettings = {
				ALWAYS_EMBED_SWIFT_STANDARD_LIBRARIES = YES;
				CODE_SIGN_STYLE = Automatic;
				DEVELOPMENT_TEAM = L3UD2T89A9;
				INFOPLIST_FILE = BookingUITests/Info.plist;
				LD_RUNPATH_SEARCH_PATHS = (
					"$(inherited)",
					"@executable_path/Frameworks",
					"@loader_path/Frameworks",
				);
				PRODUCT_BUNDLE_IDENTIFIER = Rehan.BookingUITests;
				PRODUCT_NAME = "$(TARGET_NAME)";
				SWIFT_VERSION = 5.0;
				TARGETED_DEVICE_FAMILY = "1,2";
				TEST_TARGET_NAME = Booking;
			};
			name = Debug;
		};
		5DE6990F248DB93000301B39 /* Release */ = {
			isa = XCBuildConfiguration;
			baseConfigurationReference = AC6EE0B597BABDFEB215D9AC /* Pods-Booking-BookingUITests.release.xcconfig */;
			buildSettings = {
				ALWAYS_EMBED_SWIFT_STANDARD_LIBRARIES = YES;
				CODE_SIGN_STYLE = Automatic;
				DEVELOPMENT_TEAM = L3UD2T89A9;
				INFOPLIST_FILE = BookingUITests/Info.plist;
				LD_RUNPATH_SEARCH_PATHS = (
					"$(inherited)",
					"@executable_path/Frameworks",
					"@loader_path/Frameworks",
				);
				PRODUCT_BUNDLE_IDENTIFIER = Rehan.BookingUITests;
				PRODUCT_NAME = "$(TARGET_NAME)";
				SWIFT_VERSION = 5.0;
				TARGETED_DEVICE_FAMILY = "1,2";
				TEST_TARGET_NAME = Booking;
			};
			name = Release;
		};
/* End XCBuildConfiguration section */

/* Begin XCConfigurationList section */
		5DE698D8248DB92600301B39 /* Build configuration list for PBXProject "Booking" */ = {
			isa = XCConfigurationList;
			buildConfigurations = (
				5DE69905248DB93000301B39 /* Debug */,
				5DE69906248DB93000301B39 /* Release */,
			);
			defaultConfigurationIsVisible = 0;
			defaultConfigurationName = Release;
		};
		5DE69907248DB93000301B39 /* Build configuration list for PBXNativeTarget "Booking" */ = {
			isa = XCConfigurationList;
			buildConfigurations = (
				5DE69908248DB93000301B39 /* Debug */,
				5DE69909248DB93000301B39 /* Release */,
			);
			defaultConfigurationIsVisible = 0;
			defaultConfigurationName = Release;
		};
		5DE6990A248DB93000301B39 /* Build configuration list for PBXNativeTarget "BookingTests" */ = {
			isa = XCConfigurationList;
			buildConfigurations = (
				5DE6990B248DB93000301B39 /* Debug */,
				5DE6990C248DB93000301B39 /* Release */,
			);
			defaultConfigurationIsVisible = 0;
			defaultConfigurationName = Release;
		};
		5DE6990D248DB93000301B39 /* Build configuration list for PBXNativeTarget "BookingUITests" */ = {
			isa = XCConfigurationList;
			buildConfigurations = (
				5DE6990E248DB93000301B39 /* Debug */,
				5DE6990F248DB93000301B39 /* Release */,
			);
			defaultConfigurationIsVisible = 0;
			defaultConfigurationName = Release;
		};
/* End XCConfigurationList section */
	};
	rootObject = 5DE698D5248DB92600301B39 /* Project object */;
}
