// !$*UTF8*$!
{
	archiveVersion = 1;
	classes = {
	};
	objectVersion = 51;
	objects = {

/* Begin PBXBuildFile section */
		2417129824A43FA000F950B6 /* SideMain.storyboard in Resources */ = {isa = PBXBuildFile; fileRef = 2417129724A43FA000F950B6 /* SideMain.storyboard */; };
		2417129A24A4424400F950B6 /* InitialScreen.swift in Sources */ = {isa = PBXBuildFile; fileRef = 2417129924A4424400F950B6 /* InitialScreen.swift */; };
		2417129D24A5275900F950B6 /* GroupInitialViewController.swift in Sources */ = {isa = PBXBuildFile; fileRef = 2417129C24A5275900F950B6 /* GroupInitialViewController.swift */; };
		2417129F24A5279D00F950B6 /* VendorInitialViewController.swift in Sources */ = {isa = PBXBuildFile; fileRef = 2417129E24A5279D00F950B6 /* VendorInitialViewController.swift */; };
		241712A124A527D900F950B6 /* SocializerInitialViewController.swift in Sources */ = {isa = PBXBuildFile; fileRef = 241712A024A527D900F950B6 /* SocializerInitialViewController.swift */; };
		241712A324A52EBC00F950B6 /* DJInitialViewController.swift in Sources */ = {isa = PBXBuildFile; fileRef = 241712A224A52EBC00F950B6 /* DJInitialViewController.swift */; };
		2447CCAA24A91EF6007163DB /* socializerMapViewController.swift in Sources */ = {isa = PBXBuildFile; fileRef = 2447CCA924A91EF6007163DB /* socializerMapViewController.swift */; };
		2452705924BD5DCF005BC912 /* checkRequestStatusOpen.xib in Resources */ = {isa = PBXBuildFile; fileRef = 2452705824BD5DCF005BC912 /* checkRequestStatusOpen.xib */; };
		2452705B24BD5DE0005BC912 /* checkRequestStatusOpen.swift in Sources */ = {isa = PBXBuildFile; fileRef = 2452705A24BD5DE0005BC912 /* checkRequestStatusOpen.swift */; };
		2452705D24BE2BB8005BC912 /* showRequestStatus.swift in Sources */ = {isa = PBXBuildFile; fileRef = 2452705C24BE2BB7005BC912 /* showRequestStatus.swift */; };
		2452705F24BE3791005BC912 /* checkRequestStatusDeclined.xib in Resources */ = {isa = PBXBuildFile; fileRef = 2452705E24BE3791005BC912 /* checkRequestStatusDeclined.xib */; };
		2452706124BE37AA005BC912 /* checkRequestStatusDeclined.swift in Sources */ = {isa = PBXBuildFile; fileRef = 2452706024BE37AA005BC912 /* checkRequestStatusDeclined.swift */; };
		2452706324BE3837005BC912 /* checkRequestStatusCounter.swift in Sources */ = {isa = PBXBuildFile; fileRef = 2452706224BE3837005BC912 /* checkRequestStatusCounter.swift */; };
		2452706524BE3846005BC912 /* checkRequestStatusCounter.xib in Resources */ = {isa = PBXBuildFile; fileRef = 2452706424BE3846005BC912 /* checkRequestStatusCounter.xib */; };
		2452706B24BE5B26005BC912 /* createRequestView.swift in Sources */ = {isa = PBXBuildFile; fileRef = 2452706A24BE5B26005BC912 /* createRequestView.swift */; };
		2452706D24BE5B4F005BC912 /* createRequestView.xib in Resources */ = {isa = PBXBuildFile; fileRef = 2452706C24BE5B4F005BC912 /* createRequestView.xib */; };
		2452706F24BF8D02005BC912 /* checkRequestStatusOpenDJ.xib in Resources */ = {isa = PBXBuildFile; fileRef = 2452706E24BF8D02005BC912 /* checkRequestStatusOpenDJ.xib */; };
		2452707124BF8D10005BC912 /* checkRequestStatusOpenDJ.swift in Sources */ = {isa = PBXBuildFile; fileRef = 2452707024BF8D10005BC912 /* checkRequestStatusOpenDJ.swift */; };
		2452707324BFAD32005BC912 /* checkRequestStatusAcceptedGroup.xib in Resources */ = {isa = PBXBuildFile; fileRef = 2452707224BFAD32005BC912 /* checkRequestStatusAcceptedGroup.xib */; };
		2452707524BFAD46005BC912 /* checkRequestStatusAcceptedGroup.swift in Sources */ = {isa = PBXBuildFile; fileRef = 2452707424BFAD46005BC912 /* checkRequestStatusAcceptedGroup.swift */; };
		2452707724BFAE4F005BC912 /* checkRequestStatusAcceptedDJ.xib in Resources */ = {isa = PBXBuildFile; fileRef = 2452707624BFAE4F005BC912 /* checkRequestStatusAcceptedDJ.xib */; };
		2452707924BFAE64005BC912 /* checkRequestStatusAcceptedDJ.swift in Sources */ = {isa = PBXBuildFile; fileRef = 2452707824BFAE64005BC912 /* checkRequestStatusAcceptedDJ.swift */; };
		24593EE724B2B600002C2729 /* GroupProfileViewController.swift in Sources */ = {isa = PBXBuildFile; fileRef = 24593EE624B2B600002C2729 /* GroupProfileViewController.swift */; };
		24593EE924B3B629002C2729 /* GroupExploreViewController.swift in Sources */ = {isa = PBXBuildFile; fileRef = 24593EE824B3B629002C2729 /* GroupExploreViewController.swift */; };
		24593EED24B5031B002C2729 /* createEventView.xib in Resources */ = {isa = PBXBuildFile; fileRef = 24593EEC24B5031B002C2729 /* createEventView.xib */; };
		24593EEF24B50344002C2729 /* createEventView.swift in Sources */ = {isa = PBXBuildFile; fileRef = 24593EEE24B50344002C2729 /* createEventView.swift */; };
		24593EF124B51984002C2729 /* DJProfileViewController.swift in Sources */ = {isa = PBXBuildFile; fileRef = 24593EF024B51984002C2729 /* DJProfileViewController.swift */; };
		24593EF324B51D11002C2729 /* EventCell.swift in Sources */ = {isa = PBXBuildFile; fileRef = 24593EF224B51D11002C2729 /* EventCell.swift */; };
		245FEF0024940319003267CE /* HomeViewController.swift in Sources */ = {isa = PBXBuildFile; fileRef = 245FEEFF24940319003267CE /* HomeViewController.swift */; };
		245FEF0224940365003267CE /* LoginViewController.swift in Sources */ = {isa = PBXBuildFile; fileRef = 245FEF0124940365003267CE /* LoginViewController.swift */; };
		245FEF0424940381003267CE /* StartViewController.swift in Sources */ = {isa = PBXBuildFile; fileRef = 245FEF0324940381003267CE /* StartViewController.swift */; };
		245FEF0624941ABB003267CE /* DJorGroupViewController.swift in Sources */ = {isa = PBXBuildFile; fileRef = 245FEF0524941ABB003267CE /* DJorGroupViewController.swift */; };
		245FEF0C249C19D5003267CE /* SocializerSignUpViewController.swift in Sources */ = {isa = PBXBuildFile; fileRef = 245FEF0B249C19D5003267CE /* SocializerSignUpViewController.swift */; };
		245FEF12249C63FD003267CE /* SocializerProfilePictureViewController.swift in Sources */ = {isa = PBXBuildFile; fileRef = 245FEF11249C63FC003267CE /* SocializerProfilePictureViewController.swift */; };
		245FEF26249C7566003267CE /* CollectDJProfilePicViewController.swift in Sources */ = {isa = PBXBuildFile; fileRef = 245FEF25249C7566003267CE /* CollectDJProfilePicViewController.swift */; };
		245FEF28249C759B003267CE /* CollectDJPlayingFeeViewController.swift in Sources */ = {isa = PBXBuildFile; fileRef = 245FEF27249C759B003267CE /* CollectDJPlayingFeeViewController.swift */; };
		245FEF2A249C7608003267CE /* CollectDJGenresViewController.swift in Sources */ = {isa = PBXBuildFile; fileRef = 245FEF29249C7608003267CE /* CollectDJGenresViewController.swift */; };
		245FEF2C249C7625003267CE /* CollectDJLinkViewController.swift in Sources */ = {isa = PBXBuildFile; fileRef = 245FEF2B249C7625003267CE /* CollectDJLinkViewController.swift */; };
		245FEF2E249C76E4003267CE /* CollectDJEquipmentViewController.swift in Sources */ = {isa = PBXBuildFile; fileRef = 245FEF2D249C76E4003267CE /* CollectDJEquipmentViewController.swift */; };
		249275F9249FDD610048C54A /* CollectGroupPlayingFeeViewController.swift in Sources */ = {isa = PBXBuildFile; fileRef = 249275F8249FDD610048C54A /* CollectGroupPlayingFeeViewController.swift */; };
		249275FB249FF9EC0048C54A /* CollectGroupEquipmentViewController.swift in Sources */ = {isa = PBXBuildFile; fileRef = 249275FA249FF9EC0048C54A /* CollectGroupEquipmentViewController.swift */; };
		249275FD24A03C080048C54A /* CollectGroupProfilePicViewController.swift in Sources */ = {isa = PBXBuildFile; fileRef = 249275FC24A03C080048C54A /* CollectGroupProfilePicViewController.swift */; };
		249275FF24A041590048C54A /* GroupFinalNotesViewController.swift in Sources */ = {isa = PBXBuildFile; fileRef = 249275FE24A041590048C54A /* GroupFinalNotesViewController.swift */; };
		2492760124A130AA0048C54A /* DJFinalNotesViewController.swift in Sources */ = {isa = PBXBuildFile; fileRef = 2492760024A130A90048C54A /* DJFinalNotesViewController.swift */; };
		2492760324A1346B0048C54A /* SocializerFinalNotesViewController.swift in Sources */ = {isa = PBXBuildFile; fileRef = 2492760224A1346A0048C54A /* SocializerFinalNotesViewController.swift */; };
		2492760524A138110048C54A /* Vendor.swift in Sources */ = {isa = PBXBuildFile; fileRef = 2492760424A138110048C54A /* Vendor.swift */; };
		2492760724A13FD10048C54A /* VendorSignUpViewController.swift in Sources */ = {isa = PBXBuildFile; fileRef = 2492760624A13FD10048C54A /* VendorSignUpViewController.swift */; };
		2492760924A14C0D0048C54A /* VendorPlayingFeeViewController.swift in Sources */ = {isa = PBXBuildFile; fileRef = 2492760824A14C0D0048C54A /* VendorPlayingFeeViewController.swift */; };
		2492760B24A1776C0048C54A /* CollectVendorEquipmentViewController.swift in Sources */ = {isa = PBXBuildFile; fileRef = 2492760A24A1776C0048C54A /* CollectVendorEquipmentViewController.swift */; };
		2492760D24A179BE0048C54A /* CollectVendorProfilePicViewController.swift in Sources */ = {isa = PBXBuildFile; fileRef = 2492760C24A179BE0048C54A /* CollectVendorProfilePicViewController.swift */; };
		2492760F24A17B810048C54A /* VendorFinalNotesViewController.swift in Sources */ = {isa = PBXBuildFile; fileRef = 2492760E24A17B810048C54A /* VendorFinalNotesViewController.swift */; };
		2492761124A299770048C54A /* AlertView.xib in Resources */ = {isa = PBXBuildFile; fileRef = 2492761024A299770048C54A /* AlertView.xib */; };
		2492761324A2A25D0048C54A /* AlertView.swift in Sources */ = {isa = PBXBuildFile; fileRef = 2492761224A2A25C0048C54A /* AlertView.swift */; };
		24D6EF0624B648FF0075A665 /* EditDJProfileViewController.swift in Sources */ = {isa = PBXBuildFile; fileRef = 24D6EF0524B648FF0075A665 /* EditDJProfileViewController.swift */; };
		24D6EF0824B659DA0075A665 /* EditGroupProfileViewController.swift in Sources */ = {isa = PBXBuildFile; fileRef = 24D6EF0724B659DA0075A665 /* EditGroupProfileViewController.swift */; };
		24D6EF0A24BA5F550075A665 /* DJProfileForGroupViewController.swift in Sources */ = {isa = PBXBuildFile; fileRef = 24D6EF0924BA5F550075A665 /* DJProfileForGroupViewController.swift */; };
		24D6EF1624BCFEF50075A665 /* Request.swift in Sources */ = {isa = PBXBuildFile; fileRef = 24D6EF1524BCFEF50075A665 /* Request.swift */; };
		24D6EF1824BD03BA0075A665 /* RequestCell.swift in Sources */ = {isa = PBXBuildFile; fileRef = 24D6EF1724BD03BA0075A665 /* RequestCell.swift */; };
		2F86396BB586F46C97CFEF8E /* Pods_BookingTests.framework in Frameworks */ = {isa = PBXBuildFile; fileRef = 6B1A24D4CC0398587A1539D8 /* Pods_BookingTests.framework */; };
		43DB8D5CF7CD7F5ABEDA8F31 /* Pods_Booking_BookingUITests.framework in Frameworks */ = {isa = PBXBuildFile; fileRef = C56D6B79E1497CC26A269A1C /* Pods_Booking_BookingUITests.framework */; };
		479DF79D35D0A425F450CCDF /* Pods_Booking.framework in Frameworks */ = {isa = PBXBuildFile; fileRef = ED699F371A2993D3B76D66E0 /* Pods_Booking.framework */; };
		5D0FBCD124A6ADF00011F8D9 /* GroupCalendarViewController.swift in Sources */ = {isa = PBXBuildFile; fileRef = 5D0FBCD024A6ADF00011F8D9 /* GroupCalendarViewController.swift */; };
		5D12207C249957C2006D2517 /* Event.swift in Sources */ = {isa = PBXBuildFile; fileRef = 5D12207B249957C2006D2517 /* Event.swift */; };
		5D12207E249957CB006D2517 /* User.swift in Sources */ = {isa = PBXBuildFile; fileRef = 5D12207D249957CB006D2517 /* User.swift */; };
		5D63BD2724B4CA3D0022A2C0 /* ExplorePageSearchResultCell.swift in Sources */ = {isa = PBXBuildFile; fileRef = 5D63BD2624B4CA3D0022A2C0 /* ExplorePageSearchResultCell.swift */; };
		5D66E48D24A3497200BD36DF /* InviteContactsViewController.swift in Sources */ = {isa = PBXBuildFile; fileRef = 5D66E48C24A3497200BD36DF /* InviteContactsViewController.swift */; };
		5D66E48F24A34BF400BD36DF /* InviteContactsCell.swift in Sources */ = {isa = PBXBuildFile; fileRef = 5D66E48E24A34BF400BD36DF /* InviteContactsCell.swift */; };
		5D87BD8624949D1800F4CA6C /* GroupSignUpViewController.swift in Sources */ = {isa = PBXBuildFile; fileRef = 5D87BD8524949D1800F4CA6C /* GroupSignUpViewController.swift */; };
		5DA31BE824919B4B00C18F55 /* DJSignupViewController.swift in Sources */ = {isa = PBXBuildFile; fileRef = 5DA31BE724919B4B00C18F55 /* DJSignupViewController.swift */; };
		5DB17EB2249F639900237276 /* OptionToSelect.swift in Sources */ = {isa = PBXBuildFile; fileRef = 5DB17EB1249F639900237276 /* OptionToSelect.swift */; };
		5DDF6B352491585000B76C14 /* GoogleService-Info.plist in Resources */ = {isa = PBXBuildFile; fileRef = 5DDF6B342491585000B76C14 /* GoogleService-Info.plist */; };
		5DDF6B3824915BFF00B76C14 /* DJ.swift in Sources */ = {isa = PBXBuildFile; fileRef = 5DDF6B3724915BFF00B76C14 /* DJ.swift */; };
		5DDF6B3A24915C0E00B76C14 /* Group.swift in Sources */ = {isa = PBXBuildFile; fileRef = 5DDF6B3924915C0E00B76C14 /* Group.swift */; };
		5DE698E1248DB92600301B39 /* AppDelegate.swift in Sources */ = {isa = PBXBuildFile; fileRef = 5DE698E0248DB92600301B39 /* AppDelegate.swift */; };
		5DE698E3248DB92600301B39 /* SceneDelegate.swift in Sources */ = {isa = PBXBuildFile; fileRef = 5DE698E2248DB92600301B39 /* SceneDelegate.swift */; };
		5DE698E8248DB92600301B39 /* Main.storyboard in Resources */ = {isa = PBXBuildFile; fileRef = 5DE698E6248DB92600301B39 /* Main.storyboard */; };
		5DE698EA248DB92F00301B39 /* Assets.xcassets in Resources */ = {isa = PBXBuildFile; fileRef = 5DE698E9248DB92F00301B39 /* Assets.xcassets */; };
		5DE698ED248DB92F00301B39 /* LaunchScreen.storyboard in Resources */ = {isa = PBXBuildFile; fileRef = 5DE698EB248DB92F00301B39 /* LaunchScreen.storyboard */; };
		5DE698F8248DB93000301B39 /* BookingTests.swift in Sources */ = {isa = PBXBuildFile; fileRef = 5DE698F7248DB93000301B39 /* BookingTests.swift */; };
		5DE69903248DB93000301B39 /* BookingUITests.swift in Sources */ = {isa = PBXBuildFile; fileRef = 5DE69902248DB93000301B39 /* BookingUITests.swift */; };
/* End PBXBuildFile section */

/* Begin PBXContainerItemProxy section */
		5DE698F4248DB93000301B39 /* PBXContainerItemProxy */ = {
			isa = PBXContainerItemProxy;
			containerPortal = 5DE698D5248DB92600301B39 /* Project object */;
			proxyType = 1;
			remoteGlobalIDString = 5DE698DC248DB92600301B39;
			remoteInfo = Booking;
		};
		5DE698FF248DB93000301B39 /* PBXContainerItemProxy */ = {
			isa = PBXContainerItemProxy;
			containerPortal = 5DE698D5248DB92600301B39 /* Project object */;
			proxyType = 1;
			remoteGlobalIDString = 5DE698DC248DB92600301B39;
			remoteInfo = Booking;
		};
/* End PBXContainerItemProxy section */

/* Begin PBXFileReference section */
		2417129724A43FA000F950B6 /* SideMain.storyboard */ = {isa = PBXFileReference; lastKnownFileType = file.storyboard; path = SideMain.storyboard; sourceTree = "<group>"; };
		2417129924A4424400F950B6 /* InitialScreen.swift */ = {isa = PBXFileReference; lastKnownFileType = sourcecode.swift; path = InitialScreen.swift; sourceTree = "<group>"; };
		2417129C24A5275900F950B6 /* GroupInitialViewController.swift */ = {isa = PBXFileReference; lastKnownFileType = sourcecode.swift; path = GroupInitialViewController.swift; sourceTree = "<group>"; };
		2417129E24A5279D00F950B6 /* VendorInitialViewController.swift */ = {isa = PBXFileReference; lastKnownFileType = sourcecode.swift; path = VendorInitialViewController.swift; sourceTree = "<group>"; };
		241712A024A527D900F950B6 /* SocializerInitialViewController.swift */ = {isa = PBXFileReference; lastKnownFileType = sourcecode.swift; path = SocializerInitialViewController.swift; sourceTree = "<group>"; };
		241712A224A52EBC00F950B6 /* DJInitialViewController.swift */ = {isa = PBXFileReference; lastKnownFileType = sourcecode.swift; path = DJInitialViewController.swift; sourceTree = "<group>"; };
		2447CCA924A91EF6007163DB /* socializerMapViewController.swift */ = {isa = PBXFileReference; lastKnownFileType = sourcecode.swift; path = socializerMapViewController.swift; sourceTree = "<group>"; };
		2452705824BD5DCF005BC912 /* checkRequestStatusOpen.xib */ = {isa = PBXFileReference; fileEncoding = 4; lastKnownFileType = file.xib; path = checkRequestStatusOpen.xib; sourceTree = "<group>"; };
		2452705A24BD5DE0005BC912 /* checkRequestStatusOpen.swift */ = {isa = PBXFileReference; fileEncoding = 4; lastKnownFileType = sourcecode.swift; name = checkRequestStatusOpen.swift; path = "Initial Screens/checkRequestStatusOpen.swift"; sourceTree = "<group>"; };
		2452705C24BE2BB7005BC912 /* showRequestStatus.swift */ = {isa = PBXFileReference; lastKnownFileType = sourcecode.swift; path = showRequestStatus.swift; sourceTree = "<group>"; };
		2452705E24BE3791005BC912 /* checkRequestStatusDeclined.xib */ = {isa = PBXFileReference; fileEncoding = 4; lastKnownFileType = file.xib; path = checkRequestStatusDeclined.xib; sourceTree = "<group>"; };
		2452706024BE37AA005BC912 /* checkRequestStatusDeclined.swift */ = {isa = PBXFileReference; fileEncoding = 4; lastKnownFileType = sourcecode.swift; name = checkRequestStatusDeclined.swift; path = "Initial Screens/checkRequestStatusDeclined.swift"; sourceTree = "<group>"; };
		2452706224BE3837005BC912 /* checkRequestStatusCounter.swift */ = {isa = PBXFileReference; fileEncoding = 4; lastKnownFileType = sourcecode.swift; path = checkRequestStatusCounter.swift; sourceTree = "<group>"; };
		2452706424BE3846005BC912 /* checkRequestStatusCounter.xib */ = {isa = PBXFileReference; fileEncoding = 4; lastKnownFileType = file.xib; path = checkRequestStatusCounter.xib; sourceTree = "<group>"; };
		2452706A24BE5B26005BC912 /* createRequestView.swift */ = {isa = PBXFileReference; fileEncoding = 4; lastKnownFileType = sourcecode.swift; path = createRequestView.swift; sourceTree = "<group>"; };
		2452706C24BE5B4F005BC912 /* createRequestView.xib */ = {isa = PBXFileReference; fileEncoding = 4; lastKnownFileType = file.xib; name = createRequestView.xib; path = "Initial Screens/createRequestView.xib"; sourceTree = "<group>"; };
		2452706E24BF8D02005BC912 /* checkRequestStatusOpenDJ.xib */ = {isa = PBXFileReference; fileEncoding = 4; lastKnownFileType = file.xib; path = checkRequestStatusOpenDJ.xib; sourceTree = "<group>"; };
		2452707024BF8D10005BC912 /* checkRequestStatusOpenDJ.swift */ = {isa = PBXFileReference; fileEncoding = 4; lastKnownFileType = sourcecode.swift; name = checkRequestStatusOpenDJ.swift; path = "Initial Screens/checkRequestStatusOpenDJ.swift"; sourceTree = "<group>"; };
		2452707224BFAD32005BC912 /* checkRequestStatusAcceptedGroup.xib */ = {isa = PBXFileReference; fileEncoding = 4; lastKnownFileType = file.xib; path = checkRequestStatusAcceptedGroup.xib; sourceTree = "<group>"; };
		2452707424BFAD46005BC912 /* checkRequestStatusAcceptedGroup.swift */ = {isa = PBXFileReference; fileEncoding = 4; lastKnownFileType = sourcecode.swift; name = checkRequestStatusAcceptedGroup.swift; path = "Initial Screens/checkRequestStatusAcceptedGroup.swift"; sourceTree = "<group>"; };
		2452707624BFAE4F005BC912 /* checkRequestStatusAcceptedDJ.xib */ = {isa = PBXFileReference; fileEncoding = 4; lastKnownFileType = file.xib; path = checkRequestStatusAcceptedDJ.xib; sourceTree = "<group>"; };
		2452707824BFAE64005BC912 /* checkRequestStatusAcceptedDJ.swift */ = {isa = PBXFileReference; fileEncoding = 4; lastKnownFileType = sourcecode.swift; name = checkRequestStatusAcceptedDJ.swift; path = "Initial Screens/checkRequestStatusAcceptedDJ.swift"; sourceTree = "<group>"; };
		24593EE224A98292002C2729 /* Mapbox.framework */ = {isa = PBXFileReference; lastKnownFileType = wrapper.framework; name = Mapbox.framework; path = "../../Downloads/mapbox-ios-sdk-5/dynamic/Mapbox.framework"; sourceTree = "<group>"; };
		24593EE624B2B600002C2729 /* GroupProfileViewController.swift */ = {isa = PBXFileReference; lastKnownFileType = sourcecode.swift; path = GroupProfileViewController.swift; sourceTree = "<group>"; };
		24593EE824B3B629002C2729 /* GroupExploreViewController.swift */ = {isa = PBXFileReference; lastKnownFileType = sourcecode.swift; path = GroupExploreViewController.swift; sourceTree = "<group>"; };
		24593EEC24B5031B002C2729 /* createEventView.xib */ = {isa = PBXFileReference; fileEncoding = 4; lastKnownFileType = file.xib; name = createEventView.xib; path = "Initial Screens/createEventView.xib"; sourceTree = "<group>"; };
		24593EEE24B50344002C2729 /* createEventView.swift */ = {isa = PBXFileReference; fileEncoding = 4; lastKnownFileType = sourcecode.swift; name = createEventView.swift; path = "Initial Screens/createEventView.swift"; sourceTree = "<group>"; };
		24593EF024B51984002C2729 /* DJProfileViewController.swift */ = {isa = PBXFileReference; lastKnownFileType = sourcecode.swift; path = DJProfileViewController.swift; sourceTree = "<group>"; };
		24593EF224B51D11002C2729 /* EventCell.swift */ = {isa = PBXFileReference; fileEncoding = 4; lastKnownFileType = sourcecode.swift; path = EventCell.swift; sourceTree = "<group>"; };
		245FEEFF24940319003267CE /* HomeViewController.swift */ = {isa = PBXFileReference; lastKnownFileType = sourcecode.swift; path = HomeViewController.swift; sourceTree = "<group>"; };
		245FEF0124940365003267CE /* LoginViewController.swift */ = {isa = PBXFileReference; lastKnownFileType = sourcecode.swift; path = LoginViewController.swift; sourceTree = "<group>"; };
		245FEF0324940381003267CE /* StartViewController.swift */ = {isa = PBXFileReference; lastKnownFileType = sourcecode.swift; path = StartViewController.swift; sourceTree = "<group>"; };
		245FEF0524941ABB003267CE /* DJorGroupViewController.swift */ = {isa = PBXFileReference; lastKnownFileType = sourcecode.swift; name = DJorGroupViewController.swift; path = "../New Group/DJorGroupViewController.swift"; sourceTree = "<group>"; };
		245FEF0B249C19D5003267CE /* SocializerSignUpViewController.swift */ = {isa = PBXFileReference; lastKnownFileType = sourcecode.swift; path = SocializerSignUpViewController.swift; sourceTree = "<group>"; };
		245FEF11249C63FC003267CE /* SocializerProfilePictureViewController.swift */ = {isa = PBXFileReference; lastKnownFileType = sourcecode.swift; path = SocializerProfilePictureViewController.swift; sourceTree = "<group>"; };
		245FEF25249C7566003267CE /* CollectDJProfilePicViewController.swift */ = {isa = PBXFileReference; lastKnownFileType = sourcecode.swift; path = CollectDJProfilePicViewController.swift; sourceTree = "<group>"; };
		245FEF27249C759B003267CE /* CollectDJPlayingFeeViewController.swift */ = {isa = PBXFileReference; lastKnownFileType = sourcecode.swift; path = CollectDJPlayingFeeViewController.swift; sourceTree = "<group>"; };
		245FEF29249C7608003267CE /* CollectDJGenresViewController.swift */ = {isa = PBXFileReference; lastKnownFileType = sourcecode.swift; path = CollectDJGenresViewController.swift; sourceTree = "<group>"; };
		245FEF2B249C7625003267CE /* CollectDJLinkViewController.swift */ = {isa = PBXFileReference; lastKnownFileType = sourcecode.swift; path = CollectDJLinkViewController.swift; sourceTree = "<group>"; };
		245FEF2D249C76E4003267CE /* CollectDJEquipmentViewController.swift */ = {isa = PBXFileReference; lastKnownFileType = sourcecode.swift; path = CollectDJEquipmentViewController.swift; sourceTree = "<group>"; };
		249275F8249FDD610048C54A /* CollectGroupPlayingFeeViewController.swift */ = {isa = PBXFileReference; lastKnownFileType = sourcecode.swift; path = CollectGroupPlayingFeeViewController.swift; sourceTree = "<group>"; };
		249275FA249FF9EC0048C54A /* CollectGroupEquipmentViewController.swift */ = {isa = PBXFileReference; lastKnownFileType = sourcecode.swift; path = CollectGroupEquipmentViewController.swift; sourceTree = "<group>"; };
		249275FC24A03C080048C54A /* CollectGroupProfilePicViewController.swift */ = {isa = PBXFileReference; lastKnownFileType = sourcecode.swift; path = CollectGroupProfilePicViewController.swift; sourceTree = "<group>"; };
		249275FE24A041590048C54A /* GroupFinalNotesViewController.swift */ = {isa = PBXFileReference; lastKnownFileType = sourcecode.swift; path = GroupFinalNotesViewController.swift; sourceTree = "<group>"; };
		2492760024A130A90048C54A /* DJFinalNotesViewController.swift */ = {isa = PBXFileReference; lastKnownFileType = sourcecode.swift; path = DJFinalNotesViewController.swift; sourceTree = "<group>"; };
		2492760224A1346A0048C54A /* SocializerFinalNotesViewController.swift */ = {isa = PBXFileReference; lastKnownFileType = sourcecode.swift; path = SocializerFinalNotesViewController.swift; sourceTree = "<group>"; };
		2492760424A138110048C54A /* Vendor.swift */ = {isa = PBXFileReference; lastKnownFileType = sourcecode.swift; path = Vendor.swift; sourceTree = "<group>"; };
		2492760624A13FD10048C54A /* VendorSignUpViewController.swift */ = {isa = PBXFileReference; lastKnownFileType = sourcecode.swift; path = VendorSignUpViewController.swift; sourceTree = "<group>"; };
		2492760824A14C0D0048C54A /* VendorPlayingFeeViewController.swift */ = {isa = PBXFileReference; lastKnownFileType = sourcecode.swift; path = VendorPlayingFeeViewController.swift; sourceTree = "<group>"; };
		2492760A24A1776C0048C54A /* CollectVendorEquipmentViewController.swift */ = {isa = PBXFileReference; lastKnownFileType = sourcecode.swift; path = CollectVendorEquipmentViewController.swift; sourceTree = "<group>"; };
		2492760C24A179BE0048C54A /* CollectVendorProfilePicViewController.swift */ = {isa = PBXFileReference; lastKnownFileType = sourcecode.swift; path = CollectVendorProfilePicViewController.swift; sourceTree = "<group>"; };
		2492760E24A17B810048C54A /* VendorFinalNotesViewController.swift */ = {isa = PBXFileReference; lastKnownFileType = sourcecode.swift; path = VendorFinalNotesViewController.swift; sourceTree = "<group>"; };
		2492761024A299770048C54A /* AlertView.xib */ = {isa = PBXFileReference; lastKnownFileType = file.xib; path = AlertView.xib; sourceTree = "<group>"; };
		2492761224A2A25C0048C54A /* AlertView.swift */ = {isa = PBXFileReference; lastKnownFileType = sourcecode.swift; path = AlertView.swift; sourceTree = "<group>"; };
		24D6EF0524B648FF0075A665 /* EditDJProfileViewController.swift */ = {isa = PBXFileReference; lastKnownFileType = sourcecode.swift; path = EditDJProfileViewController.swift; sourceTree = "<group>"; };
		24D6EF0724B659DA0075A665 /* EditGroupProfileViewController.swift */ = {isa = PBXFileReference; lastKnownFileType = sourcecode.swift; path = EditGroupProfileViewController.swift; sourceTree = "<group>"; };
		24D6EF0924BA5F550075A665 /* DJProfileForGroupViewController.swift */ = {isa = PBXFileReference; lastKnownFileType = sourcecode.swift; path = DJProfileForGroupViewController.swift; sourceTree = "<group>"; };
		24D6EF1524BCFEF50075A665 /* Request.swift */ = {isa = PBXFileReference; fileEncoding = 4; lastKnownFileType = sourcecode.swift; path = Request.swift; sourceTree = "<group>"; };
		24D6EF1724BD03BA0075A665 /* RequestCell.swift */ = {isa = PBXFileReference; fileEncoding = 4; lastKnownFileType = sourcecode.swift; path = RequestCell.swift; sourceTree = "<group>"; };
		572733D997C660A83A8E95A5 /* Pods-Booking-BookingUITests.debug.xcconfig */ = {isa = PBXFileReference; includeInIndex = 1; lastKnownFileType = text.xcconfig; name = "Pods-Booking-BookingUITests.debug.xcconfig"; path = "Target Support Files/Pods-Booking-BookingUITests/Pods-Booking-BookingUITests.debug.xcconfig"; sourceTree = "<group>"; };
		5809FB3C41A3EEC35105BBA8 /* Pods-Booking.debug.xcconfig */ = {isa = PBXFileReference; includeInIndex = 1; lastKnownFileType = text.xcconfig; name = "Pods-Booking.debug.xcconfig"; path = "Target Support Files/Pods-Booking/Pods-Booking.debug.xcconfig"; sourceTree = "<group>"; };
		5D0FBCD024A6ADF00011F8D9 /* GroupCalendarViewController.swift */ = {isa = PBXFileReference; lastKnownFileType = sourcecode.swift; path = GroupCalendarViewController.swift; sourceTree = "<group>"; };
		5D12207B249957C2006D2517 /* Event.swift */ = {isa = PBXFileReference; lastKnownFileType = sourcecode.swift; path = Event.swift; sourceTree = "<group>"; };
		5D12207D249957CB006D2517 /* User.swift */ = {isa = PBXFileReference; lastKnownFileType = sourcecode.swift; path = User.swift; sourceTree = "<group>"; };
		5D63BD2624B4CA3D0022A2C0 /* ExplorePageSearchResultCell.swift */ = {isa = PBXFileReference; lastKnownFileType = sourcecode.swift; path = ExplorePageSearchResultCell.swift; sourceTree = "<group>"; };
		5D66E48C24A3497200BD36DF /* InviteContactsViewController.swift */ = {isa = PBXFileReference; lastKnownFileType = sourcecode.swift; path = InviteContactsViewController.swift; sourceTree = "<group>"; };
		5D66E48E24A34BF400BD36DF /* InviteContactsCell.swift */ = {isa = PBXFileReference; lastKnownFileType = sourcecode.swift; path = InviteContactsCell.swift; sourceTree = "<group>"; };
		5D87BD8524949D1800F4CA6C /* GroupSignUpViewController.swift */ = {isa = PBXFileReference; lastKnownFileType = sourcecode.swift; path = GroupSignUpViewController.swift; sourceTree = "<group>"; };
		5DA31BE724919B4B00C18F55 /* DJSignupViewController.swift */ = {isa = PBXFileReference; lastKnownFileType = sourcecode.swift; path = DJSignupViewController.swift; sourceTree = "<group>"; };
		5DB17EB1249F639900237276 /* OptionToSelect.swift */ = {isa = PBXFileReference; lastKnownFileType = sourcecode.swift; path = OptionToSelect.swift; sourceTree = "<group>"; };
		5DDF6B342491585000B76C14 /* GoogleService-Info.plist */ = {isa = PBXFileReference; fileEncoding = 4; lastKnownFileType = text.plist.xml; path = "GoogleService-Info.plist"; sourceTree = "<group>"; };
		5DDF6B3724915BFF00B76C14 /* DJ.swift */ = {isa = PBXFileReference; lastKnownFileType = sourcecode.swift; path = DJ.swift; sourceTree = "<group>"; };
		5DDF6B3924915C0E00B76C14 /* Group.swift */ = {isa = PBXFileReference; lastKnownFileType = sourcecode.swift; path = Group.swift; sourceTree = "<group>"; };
		5DE698DD248DB92600301B39 /* Booking.app */ = {isa = PBXFileReference; explicitFileType = wrapper.application; includeInIndex = 0; path = Booking.app; sourceTree = BUILT_PRODUCTS_DIR; };
		5DE698E0248DB92600301B39 /* AppDelegate.swift */ = {isa = PBXFileReference; lastKnownFileType = sourcecode.swift; path = AppDelegate.swift; sourceTree = "<group>"; };
		5DE698E2248DB92600301B39 /* SceneDelegate.swift */ = {isa = PBXFileReference; lastKnownFileType = sourcecode.swift; path = SceneDelegate.swift; sourceTree = "<group>"; };
		5DE698E7248DB92600301B39 /* Base */ = {isa = PBXFileReference; lastKnownFileType = file.storyboard; name = Base; path = Base.lproj/Main.storyboard; sourceTree = "<group>"; };
		5DE698E9248DB92F00301B39 /* Assets.xcassets */ = {isa = PBXFileReference; lastKnownFileType = folder.assetcatalog; path = Assets.xcassets; sourceTree = "<group>"; };
		5DE698EC248DB92F00301B39 /* Base */ = {isa = PBXFileReference; lastKnownFileType = file.storyboard; name = Base; path = Base.lproj/LaunchScreen.storyboard; sourceTree = "<group>"; };
		5DE698EE248DB92F00301B39 /* Info.plist */ = {isa = PBXFileReference; lastKnownFileType = text.plist.xml; path = Info.plist; sourceTree = "<group>"; };
		5DE698F3248DB93000301B39 /* BookingTests.xctest */ = {isa = PBXFileReference; explicitFileType = wrapper.cfbundle; includeInIndex = 0; path = BookingTests.xctest; sourceTree = BUILT_PRODUCTS_DIR; };
		5DE698F7248DB93000301B39 /* BookingTests.swift */ = {isa = PBXFileReference; lastKnownFileType = sourcecode.swift; path = BookingTests.swift; sourceTree = "<group>"; };
		5DE698F9248DB93000301B39 /* Info.plist */ = {isa = PBXFileReference; lastKnownFileType = text.plist.xml; path = Info.plist; sourceTree = "<group>"; };
		5DE698FE248DB93000301B39 /* BookingUITests.xctest */ = {isa = PBXFileReference; explicitFileType = wrapper.cfbundle; includeInIndex = 0; path = BookingUITests.xctest; sourceTree = BUILT_PRODUCTS_DIR; };
		5DE69902248DB93000301B39 /* BookingUITests.swift */ = {isa = PBXFileReference; lastKnownFileType = sourcecode.swift; path = BookingUITests.swift; sourceTree = "<group>"; };
		5DE69904248DB93000301B39 /* Info.plist */ = {isa = PBXFileReference; lastKnownFileType = text.plist.xml; path = Info.plist; sourceTree = "<group>"; };
		6B1A24D4CC0398587A1539D8 /* Pods_BookingTests.framework */ = {isa = PBXFileReference; explicitFileType = wrapper.framework; includeInIndex = 0; path = Pods_BookingTests.framework; sourceTree = BUILT_PRODUCTS_DIR; };
		7D6F94111F73D9926B1F0069 /* Pods-BookingTests.debug.xcconfig */ = {isa = PBXFileReference; includeInIndex = 1; lastKnownFileType = text.xcconfig; name = "Pods-BookingTests.debug.xcconfig"; path = "Target Support Files/Pods-BookingTests/Pods-BookingTests.debug.xcconfig"; sourceTree = "<group>"; };
		AC6EE0B597BABDFEB215D9AC /* Pods-Booking-BookingUITests.release.xcconfig */ = {isa = PBXFileReference; includeInIndex = 1; lastKnownFileType = text.xcconfig; name = "Pods-Booking-BookingUITests.release.xcconfig"; path = "Target Support Files/Pods-Booking-BookingUITests/Pods-Booking-BookingUITests.release.xcconfig"; sourceTree = "<group>"; };
		C56D6B79E1497CC26A269A1C /* Pods_Booking_BookingUITests.framework */ = {isa = PBXFileReference; explicitFileType = wrapper.framework; includeInIndex = 0; path = Pods_Booking_BookingUITests.framework; sourceTree = BUILT_PRODUCTS_DIR; };
		DDC233B0C24127F7B6B854A9 /* Pods-Booking.release.xcconfig */ = {isa = PBXFileReference; includeInIndex = 1; lastKnownFileType = text.xcconfig; name = "Pods-Booking.release.xcconfig"; path = "Target Support Files/Pods-Booking/Pods-Booking.release.xcconfig"; sourceTree = "<group>"; };
		ED699F371A2993D3B76D66E0 /* Pods_Booking.framework */ = {isa = PBXFileReference; explicitFileType = wrapper.framework; includeInIndex = 0; path = Pods_Booking.framework; sourceTree = BUILT_PRODUCTS_DIR; };
		EF0AB35EA62B198B81F46002 /* Pods-BookingTests.release.xcconfig */ = {isa = PBXFileReference; includeInIndex = 1; lastKnownFileType = text.xcconfig; name = "Pods-BookingTests.release.xcconfig"; path = "Target Support Files/Pods-BookingTests/Pods-BookingTests.release.xcconfig"; sourceTree = "<group>"; };
/* End PBXFileReference section */

/* Begin PBXFrameworksBuildPhase section */
		5DE698DA248DB92600301B39 /* Frameworks */ = {
			isa = PBXFrameworksBuildPhase;
			buildActionMask = 2147483647;
			files = (
				479DF79D35D0A425F450CCDF /* Pods_Booking.framework in Frameworks */,
			);
			runOnlyForDeploymentPostprocessing = 0;
		};
		5DE698F0248DB93000301B39 /* Frameworks */ = {
			isa = PBXFrameworksBuildPhase;
			buildActionMask = 2147483647;
			files = (
				2F86396BB586F46C97CFEF8E /* Pods_BookingTests.framework in Frameworks */,
			);
			runOnlyForDeploymentPostprocessing = 0;
		};
		5DE698FB248DB93000301B39 /* Frameworks */ = {
			isa = PBXFrameworksBuildPhase;
			buildActionMask = 2147483647;
			files = (
				43DB8D5CF7CD7F5ABEDA8F31 /* Pods_Booking_BookingUITests.framework in Frameworks */,
			);
			runOnlyForDeploymentPostprocessing = 0;
		};
/* End PBXFrameworksBuildPhase section */

/* Begin PBXGroup section */
		2417129B24A5274700F950B6 /* Initial Screens */ = {
			isa = PBXGroup;
			children = (
				2417129924A4424400F950B6 /* InitialScreen.swift */,
				5DFDCED524C0A9AD00AADD95 /* Socializer */,
				5DFDCED424C0A9A000AADD95 /* Vendor */,
				5DFDCED324C0A98E00AADD95 /* DJ */,
				5DFDCED224C0A98400AADD95 /* Group */,
				5D63BD2624B4CA3D0022A2C0 /* ExplorePageSearchResultCell.swift */,
				24593EF224B51D11002C2729 /* EventCell.swift */,
				24D6EF1724BD03BA0075A665 /* RequestCell.swift */,
				2452705C24BE2BB7005BC912 /* showRequestStatus.swift */,
			);
			path = "Initial Screens";
			sourceTree = "<group>";
		};
		276E0694E602ED4CA9F78C95 /* Pods */ = {
			isa = PBXGroup;
			children = (
				5809FB3C41A3EEC35105BBA8 /* Pods-Booking.debug.xcconfig */,
				DDC233B0C24127F7B6B854A9 /* Pods-Booking.release.xcconfig */,
				572733D997C660A83A8E95A5 /* Pods-Booking-BookingUITests.debug.xcconfig */,
				AC6EE0B597BABDFEB215D9AC /* Pods-Booking-BookingUITests.release.xcconfig */,
				7D6F94111F73D9926B1F0069 /* Pods-BookingTests.debug.xcconfig */,
				EF0AB35EA62B198B81F46002 /* Pods-BookingTests.release.xcconfig */,
			);
			path = Pods;
			sourceTree = "<group>";
		};
		5D66E49124A3786E00BD36DF /* Signup And Login */ = {
			isa = PBXGroup;
			children = (
				5D66E49524A378FD00BD36DF /* Vendor Screens */,
				5D66E49424A378CC00BD36DF /* Group Screens */,
				5D66E49324A378B400BD36DF /* DJ Screens */,
				5D66E49224A378A200BD36DF /* Socializer Screens */,
				245FEEFF24940319003267CE /* HomeViewController.swift */,
				245FEF0124940365003267CE /* LoginViewController.swift */,
				245FEF0324940381003267CE /* StartViewController.swift */,
				245FEF0524941ABB003267CE /* DJorGroupViewController.swift */,
				2492761024A299770048C54A /* AlertView.xib */,
				2492761224A2A25C0048C54A /* AlertView.swift */,
				24593EEC24B5031B002C2729 /* createEventView.xib */,
				2452706C24BE5B4F005BC912 /* createRequestView.xib */,
				2452705824BD5DCF005BC912 /* checkRequestStatusOpen.xib */,
				2452706E24BF8D02005BC912 /* checkRequestStatusOpenDJ.xib */,
				2452707224BFAD32005BC912 /* checkRequestStatusAcceptedGroup.xib */,
				2452707624BFAE4F005BC912 /* checkRequestStatusAcceptedDJ.xib */,
				2452705E24BE3791005BC912 /* checkRequestStatusDeclined.xib */,
				2452706424BE3846005BC912 /* checkRequestStatusCounter.xib */,
				24593EEE24B50344002C2729 /* createEventView.swift */,
				2452706A24BE5B26005BC912 /* createRequestView.swift */,
				2452705A24BD5DE0005BC912 /* checkRequestStatusOpen.swift */,
				2452707024BF8D10005BC912 /* checkRequestStatusOpenDJ.swift */,
				2452706024BE37AA005BC912 /* checkRequestStatusDeclined.swift */,
				2452707424BFAD46005BC912 /* checkRequestStatusAcceptedGroup.swift */,
				2452707824BFAE64005BC912 /* checkRequestStatusAcceptedDJ.swift */,
				2452706224BE3837005BC912 /* checkRequestStatusCounter.swift */,
				5DB17EB1249F639900237276 /* OptionToSelect.swift */,
				5D66E48C24A3497200BD36DF /* InviteContactsViewController.swift */,
				5D66E48E24A34BF400BD36DF /* InviteContactsCell.swift */,
			);
			path = "Signup And Login";
			sourceTree = "<group>";
		};
		5D66E49224A378A200BD36DF /* Socializer Screens */ = {
			isa = PBXGroup;
			children = (
				245FEF0B249C19D5003267CE /* SocializerSignUpViewController.swift */,
				245FEF11249C63FC003267CE /* SocializerProfilePictureViewController.swift */,
				2492760224A1346A0048C54A /* SocializerFinalNotesViewController.swift */,
			);
			path = "Socializer Screens";
			sourceTree = "<group>";
		};
		5D66E49324A378B400BD36DF /* DJ Screens */ = {
			isa = PBXGroup;
			children = (
				5DA31BE724919B4B00C18F55 /* DJSignupViewController.swift */,
				245FEF27249C759B003267CE /* CollectDJPlayingFeeViewController.swift */,
				245FEF2D249C76E4003267CE /* CollectDJEquipmentViewController.swift */,
				245FEF29249C7608003267CE /* CollectDJGenresViewController.swift */,
				245FEF2B249C7625003267CE /* CollectDJLinkViewController.swift */,
				245FEF25249C7566003267CE /* CollectDJProfilePicViewController.swift */,
				2492760024A130A90048C54A /* DJFinalNotesViewController.swift */,
			);
			path = "DJ Screens";
			sourceTree = "<group>";
		};
		5D66E49424A378CC00BD36DF /* Group Screens */ = {
			isa = PBXGroup;
			children = (
				5D87BD8524949D1800F4CA6C /* GroupSignUpViewController.swift */,
				249275F8249FDD610048C54A /* CollectGroupPlayingFeeViewController.swift */,
				249275FA249FF9EC0048C54A /* CollectGroupEquipmentViewController.swift */,
				249275FC24A03C080048C54A /* CollectGroupProfilePicViewController.swift */,
				249275FE24A041590048C54A /* GroupFinalNotesViewController.swift */,
			);
			path = "Group Screens";
			sourceTree = "<group>";
		};
		5D66E49524A378FD00BD36DF /* Vendor Screens */ = {
			isa = PBXGroup;
			children = (
				2492760624A13FD10048C54A /* VendorSignUpViewController.swift */,
				2492760824A14C0D0048C54A /* VendorPlayingFeeViewController.swift */,
				2492760A24A1776C0048C54A /* CollectVendorEquipmentViewController.swift */,
				2492760C24A179BE0048C54A /* CollectVendorProfilePicViewController.swift */,
				2492760E24A17B810048C54A /* VendorFinalNotesViewController.swift */,
			);
			path = "Vendor Screens";
			sourceTree = "<group>";
		};
		5DDF6B3624915BDF00B76C14 /* Database Objects */ = {
			isa = PBXGroup;
			children = (
				5DDF6B3724915BFF00B76C14 /* DJ.swift */,
				5DDF6B3924915C0E00B76C14 /* Group.swift */,
				2492760424A138110048C54A /* Vendor.swift */,
				5D12207B249957C2006D2517 /* Event.swift */,
				24D6EF1524BCFEF50075A665 /* Request.swift */,
				5D12207D249957CB006D2517 /* User.swift */,
			);
			path = "Database Objects";
			sourceTree = "<group>";
		};
		5DE698D4248DB92600301B39 = {
			isa = PBXGroup;
			children = (
				5DE698DF248DB92600301B39 /* Booking */,
				5DE698F6248DB93000301B39 /* BookingTests */,
				5DE69901248DB93000301B39 /* BookingUITests */,
				5DE698DE248DB92600301B39 /* Products */,
				276E0694E602ED4CA9F78C95 /* Pods */,
				B24CFCB92A93F99EADF8A967 /* Frameworks */,
			);
			sourceTree = "<group>";
		};
		5DE698DE248DB92600301B39 /* Products */ = {
			isa = PBXGroup;
			children = (
				5DE698DD248DB92600301B39 /* Booking.app */,
				5DE698F3248DB93000301B39 /* BookingTests.xctest */,
				5DE698FE248DB93000301B39 /* BookingUITests.xctest */,
			);
			name = Products;
			sourceTree = "<group>";
		};
		5DE698DF248DB92600301B39 /* Booking */ = {
			isa = PBXGroup;
			children = (
				5DE698E0248DB92600301B39 /* AppDelegate.swift */,
				2447CCA924A91EF6007163DB /* socializerMapViewController.swift */,
				5DE698E2248DB92600301B39 /* SceneDelegate.swift */,
				5DE698EB248DB92F00301B39 /* LaunchScreen.storyboard */,
				2417129724A43FA000F950B6 /* SideMain.storyboard */,
				24593EF024B51984002C2729 /* DJProfileViewController.swift */,
				5DE698E6248DB92600301B39 /* Main.storyboard */,
				24D6EF0524B648FF0075A665 /* EditDJProfileViewController.swift */,
				24D6EF0924BA5F550075A665 /* DJProfileForGroupViewController.swift */,
				5DDF6B3624915BDF00B76C14 /* Database Objects */,
				2417129B24A5274700F950B6 /* Initial Screens */,
				5D66E49124A3786E00BD36DF /* Signup And Login */,
				5DE698E9248DB92F00301B39 /* Assets.xcassets */,
				5DE698EE248DB92F00301B39 /* Info.plist */,
				5DDF6B342491585000B76C14 /* GoogleService-Info.plist */,
			);
			path = Booking;
			sourceTree = "<group>";
		};
		5DE698F6248DB93000301B39 /* BookingTests */ = {
			isa = PBXGroup;
			children = (
				5DE698F7248DB93000301B39 /* BookingTests.swift */,
				5DE698F9248DB93000301B39 /* Info.plist */,
			);
			path = BookingTests;
			sourceTree = "<group>";
		};
		5DE69901248DB93000301B39 /* BookingUITests */ = {
			isa = PBXGroup;
			children = (
				5DE69902248DB93000301B39 /* BookingUITests.swift */,
				5DE69904248DB93000301B39 /* Info.plist */,
			);
			path = BookingUITests;
			sourceTree = "<group>";
		};
		5DFDCED224C0A98400AADD95 /* Group */ = {
			isa = PBXGroup;
			children = (
				2417129C24A5275900F950B6 /* GroupInitialViewController.swift */,
				5D0FBCD024A6ADF00011F8D9 /* GroupCalendarViewController.swift */,
				24593EE624B2B600002C2729 /* GroupProfileViewController.swift */,
				24D6EF0724B659DA0075A665 /* EditGroupProfileViewController.swift */,
				24593EE824B3B629002C2729 /* GroupExploreViewController.swift */,
			);
			path = Group;
			sourceTree = "<group>";
		};
		5DFDCED324C0A98E00AADD95 /* DJ */ = {
			isa = PBXGroup;
			children = (
				241712A224A52EBC00F950B6 /* DJInitialViewController.swift */,
			);
			path = DJ;
			sourceTree = "<group>";
		};
		5DFDCED424C0A9A000AADD95 /* Vendor */ = {
			isa = PBXGroup;
			children = (
				2417129E24A5279D00F950B6 /* VendorInitialViewController.swift */,
			);
			path = Vendor;
			sourceTree = "<group>";
		};
		5DFDCED524C0A9AD00AADD95 /* Socializer */ = {
			isa = PBXGroup;
			children = (
				241712A024A527D900F950B6 /* SocializerInitialViewController.swift */,
			);
			path = Socializer;
			sourceTree = "<group>";
		};
		B24CFCB92A93F99EADF8A967 /* Frameworks */ = {
			isa = PBXGroup;
			children = (
				24593EE224A98292002C2729 /* Mapbox.framework */,
				ED699F371A2993D3B76D66E0 /* Pods_Booking.framework */,
				C56D6B79E1497CC26A269A1C /* Pods_Booking_BookingUITests.framework */,
				6B1A24D4CC0398587A1539D8 /* Pods_BookingTests.framework */,
			);
			name = Frameworks;
			sourceTree = "<group>";
		};
/* End PBXGroup section */

/* Begin PBXNativeTarget section */
		5DE698DC248DB92600301B39 /* Booking */ = {
			isa = PBXNativeTarget;
			buildConfigurationList = 5DE69907248DB93000301B39 /* Build configuration list for PBXNativeTarget "Booking" */;
			buildPhases = (
				6B6A1488F313AFEC9210D82D /* [CP] Check Pods Manifest.lock */,
				5DE698D9248DB92600301B39 /* Sources */,
				5DE698DA248DB92600301B39 /* Frameworks */,
				5DE698DB248DB92600301B39 /* Resources */,
				6CB57BA5D29EDB22EC9C1681 /* [CP] Embed Pods Frameworks */,
				AA40C244B5D9A0C12BCFF7A1 /* [CP] Copy Pods Resources */,
			);
			buildRules = (
			);
			dependencies = (
			);
			name = Booking;
			productName = Booking;
			productReference = 5DE698DD248DB92600301B39 /* Booking.app */;
			productType = "com.apple.product-type.application";
		};
		5DE698F2248DB93000301B39 /* BookingTests */ = {
			isa = PBXNativeTarget;
			buildConfigurationList = 5DE6990A248DB93000301B39 /* Build configuration list for PBXNativeTarget "BookingTests" */;
			buildPhases = (
				4A633F2FF6921A41F5150B5E /* [CP] Check Pods Manifest.lock */,
				5DE698EF248DB93000301B39 /* Sources */,
				5DE698F0248DB93000301B39 /* Frameworks */,
				5DE698F1248DB93000301B39 /* Resources */,
			);
			buildRules = (
			);
			dependencies = (
				5DE698F5248DB93000301B39 /* PBXTargetDependency */,
			);
			name = BookingTests;
			productName = BookingTests;
			productReference = 5DE698F3248DB93000301B39 /* BookingTests.xctest */;
			productType = "com.apple.product-type.bundle.unit-test";
		};
		5DE698FD248DB93000301B39 /* BookingUITests */ = {
			isa = PBXNativeTarget;
			buildConfigurationList = 5DE6990D248DB93000301B39 /* Build configuration list for PBXNativeTarget "BookingUITests" */;
			buildPhases = (
				69F2A662E906F2F1F0BFDE34 /* [CP] Check Pods Manifest.lock */,
				5DE698FA248DB93000301B39 /* Sources */,
				5DE698FB248DB93000301B39 /* Frameworks */,
				5DE698FC248DB93000301B39 /* Resources */,
				3AC55538D9FA4E15CB51C3A6 /* [CP] Embed Pods Frameworks */,
				F44D2B28CFCC4CB517608264 /* [CP] Copy Pods Resources */,
			);
			buildRules = (
			);
			dependencies = (
				5DE69900248DB93000301B39 /* PBXTargetDependency */,
			);
			name = BookingUITests;
			productName = BookingUITests;
			productReference = 5DE698FE248DB93000301B39 /* BookingUITests.xctest */;
			productType = "com.apple.product-type.bundle.ui-testing";
		};
/* End PBXNativeTarget section */

/* Begin PBXProject section */
		5DE698D5248DB92600301B39 /* Project object */ = {
			isa = PBXProject;
			attributes = {
				LastSwiftUpdateCheck = 1140;
				LastUpgradeCheck = 1140;
				ORGANIZATIONNAME = Rehan;
				TargetAttributes = {
					5DE698DC248DB92600301B39 = {
						CreatedOnToolsVersion = 11.4;
					};
					5DE698F2248DB93000301B39 = {
						CreatedOnToolsVersion = 11.4;
						TestTargetID = 5DE698DC248DB92600301B39;
					};
					5DE698FD248DB93000301B39 = {
						CreatedOnToolsVersion = 11.4;
						TestTargetID = 5DE698DC248DB92600301B39;
					};
				};
			};
			buildConfigurationList = 5DE698D8248DB92600301B39 /* Build configuration list for PBXProject "Booking" */;
			compatibilityVersion = "Xcode 9.3";
			developmentRegion = en;
			hasScannedForEncodings = 0;
			knownRegions = (
				en,
				Base,
			);
			mainGroup = 5DE698D4248DB92600301B39;
			productRefGroup = 5DE698DE248DB92600301B39 /* Products */;
			projectDirPath = "";
			projectRoot = "";
			targets = (
				5DE698DC248DB92600301B39 /* Booking */,
				5DE698F2248DB93000301B39 /* BookingTests */,
				5DE698FD248DB93000301B39 /* BookingUITests */,
			);
		};
/* End PBXProject section */

/* Begin PBXResourcesBuildPhase section */
		5DE698DB248DB92600301B39 /* Resources */ = {
			isa = PBXResourcesBuildPhase;
			buildActionMask = 2147483647;
			files = (
				2452706F24BF8D02005BC912 /* checkRequestStatusOpenDJ.xib in Resources */,
				2452706D24BE5B4F005BC912 /* createRequestView.xib in Resources */,
				2452705F24BE3791005BC912 /* checkRequestStatusDeclined.xib in Resources */,
				5DE698ED248DB92F00301B39 /* LaunchScreen.storyboard in Resources */,
				5DDF6B352491585000B76C14 /* GoogleService-Info.plist in Resources */,
				2452706524BE3846005BC912 /* checkRequestStatusCounter.xib in Resources */,
				2452705924BD5DCF005BC912 /* checkRequestStatusOpen.xib in Resources */,
				2452707324BFAD32005BC912 /* checkRequestStatusAcceptedGroup.xib in Resources */,
				2417129824A43FA000F950B6 /* SideMain.storyboard in Resources */,
				2492761124A299770048C54A /* AlertView.xib in Resources */,
				2452707724BFAE4F005BC912 /* checkRequestStatusAcceptedDJ.xib in Resources */,
				5DE698EA248DB92F00301B39 /* Assets.xcassets in Resources */,
				24593EED24B5031B002C2729 /* createEventView.xib in Resources */,
				5DE698E8248DB92600301B39 /* Main.storyboard in Resources */,
			);
			runOnlyForDeploymentPostprocessing = 0;
		};
		5DE698F1248DB93000301B39 /* Resources */ = {
			isa = PBXResourcesBuildPhase;
			buildActionMask = 2147483647;
			files = (
			);
			runOnlyForDeploymentPostprocessing = 0;
		};
		5DE698FC248DB93000301B39 /* Resources */ = {
			isa = PBXResourcesBuildPhase;
			buildActionMask = 2147483647;
			files = (
			);
			runOnlyForDeploymentPostprocessing = 0;
		};
/* End PBXResourcesBuildPhase section */

/* Begin PBXShellScriptBuildPhase section */
		3AC55538D9FA4E15CB51C3A6 /* [CP] Embed Pods Frameworks */ = {
			isa = PBXShellScriptBuildPhase;
			buildActionMask = 2147483647;
			files = (
			);
			inputFileListPaths = (
				"${PODS_ROOT}/Target Support Files/Pods-Booking-BookingUITests/Pods-Booking-BookingUITests-frameworks-${CONFIGURATION}-input-files.xcfilelist",
			);
			name = "[CP] Embed Pods Frameworks";
			outputFileListPaths = (
				"${PODS_ROOT}/Target Support Files/Pods-Booking-BookingUITests/Pods-Booking-BookingUITests-frameworks-${CONFIGURATION}-output-files.xcfilelist",
			);
			runOnlyForDeploymentPostprocessing = 0;
			shellPath = /bin/sh;
			shellScript = "\"${PODS_ROOT}/Target Support Files/Pods-Booking-BookingUITests/Pods-Booking-BookingUITests-frameworks.sh\"\n";
			showEnvVarsInLog = 0;
		};
		4A633F2FF6921A41F5150B5E /* [CP] Check Pods Manifest.lock */ = {
			isa = PBXShellScriptBuildPhase;
			buildActionMask = 2147483647;
			files = (
			);
			inputFileListPaths = (
			);
			inputPaths = (
				"${PODS_PODFILE_DIR_PATH}/Podfile.lock",
				"${PODS_ROOT}/Manifest.lock",
			);
			name = "[CP] Check Pods Manifest.lock";
			outputFileListPaths = (
			);
			outputPaths = (
				"$(DERIVED_FILE_DIR)/Pods-BookingTests-checkManifestLockResult.txt",
			);
			runOnlyForDeploymentPostprocessing = 0;
			shellPath = /bin/sh;
			shellScript = "diff \"${PODS_PODFILE_DIR_PATH}/Podfile.lock\" \"${PODS_ROOT}/Manifest.lock\" > /dev/null\nif [ $? != 0 ] ; then\n    # print error to STDERR\n    echo \"error: The sandbox is not in sync with the Podfile.lock. Run 'pod install' or update your CocoaPods installation.\" >&2\n    exit 1\nfi\n# This output is used by Xcode 'outputs' to avoid re-running this script phase.\necho \"SUCCESS\" > \"${SCRIPT_OUTPUT_FILE_0}\"\n";
			showEnvVarsInLog = 0;
		};
		69F2A662E906F2F1F0BFDE34 /* [CP] Check Pods Manifest.lock */ = {
			isa = PBXShellScriptBuildPhase;
			buildActionMask = 2147483647;
			files = (
			);
			inputFileListPaths = (
			);
			inputPaths = (
				"${PODS_PODFILE_DIR_PATH}/Podfile.lock",
				"${PODS_ROOT}/Manifest.lock",
			);
			name = "[CP] Check Pods Manifest.lock";
			outputFileListPaths = (
			);
			outputPaths = (
				"$(DERIVED_FILE_DIR)/Pods-Booking-BookingUITests-checkManifestLockResult.txt",
			);
			runOnlyForDeploymentPostprocessing = 0;
			shellPath = /bin/sh;
			shellScript = "diff \"${PODS_PODFILE_DIR_PATH}/Podfile.lock\" \"${PODS_ROOT}/Manifest.lock\" > /dev/null\nif [ $? != 0 ] ; then\n    # print error to STDERR\n    echo \"error: The sandbox is not in sync with the Podfile.lock. Run 'pod install' or update your CocoaPods installation.\" >&2\n    exit 1\nfi\n# This output is used by Xcode 'outputs' to avoid re-running this script phase.\necho \"SUCCESS\" > \"${SCRIPT_OUTPUT_FILE_0}\"\n";
			showEnvVarsInLog = 0;
		};
		6B6A1488F313AFEC9210D82D /* [CP] Check Pods Manifest.lock */ = {
			isa = PBXShellScriptBuildPhase;
			buildActionMask = 2147483647;
			files = (
			);
			inputFileListPaths = (
			);
			inputPaths = (
				"${PODS_PODFILE_DIR_PATH}/Podfile.lock",
				"${PODS_ROOT}/Manifest.lock",
			);
			name = "[CP] Check Pods Manifest.lock";
			outputFileListPaths = (
			);
			outputPaths = (
				"$(DERIVED_FILE_DIR)/Pods-Booking-checkManifestLockResult.txt",
			);
			runOnlyForDeploymentPostprocessing = 0;
			shellPath = /bin/sh;
			shellScript = "diff \"${PODS_PODFILE_DIR_PATH}/Podfile.lock\" \"${PODS_ROOT}/Manifest.lock\" > /dev/null\nif [ $? != 0 ] ; then\n    # print error to STDERR\n    echo \"error: The sandbox is not in sync with the Podfile.lock. Run 'pod install' or update your CocoaPods installation.\" >&2\n    exit 1\nfi\n# This output is used by Xcode 'outputs' to avoid re-running this script phase.\necho \"SUCCESS\" > \"${SCRIPT_OUTPUT_FILE_0}\"\n";
			showEnvVarsInLog = 0;
		};
		6CB57BA5D29EDB22EC9C1681 /* [CP] Embed Pods Frameworks */ = {
			isa = PBXShellScriptBuildPhase;
			buildActionMask = 2147483647;
			files = (
			);
			inputFileListPaths = (
				"${PODS_ROOT}/Target Support Files/Pods-Booking/Pods-Booking-frameworks-${CONFIGURATION}-input-files.xcfilelist",
			);
			name = "[CP] Embed Pods Frameworks";
			outputFileListPaths = (
				"${PODS_ROOT}/Target Support Files/Pods-Booking/Pods-Booking-frameworks-${CONFIGURATION}-output-files.xcfilelist",
			);
			runOnlyForDeploymentPostprocessing = 0;
			shellPath = /bin/sh;
			shellScript = "\"${PODS_ROOT}/Target Support Files/Pods-Booking/Pods-Booking-frameworks.sh\"\n";
			showEnvVarsInLog = 0;
		};
		AA40C244B5D9A0C12BCFF7A1 /* [CP] Copy Pods Resources */ = {
			isa = PBXShellScriptBuildPhase;
			buildActionMask = 2147483647;
			files = (
			);
			inputFileListPaths = (
				"${PODS_ROOT}/Target Support Files/Pods-Booking/Pods-Booking-resources-${CONFIGURATION}-input-files.xcfilelist",
			);
			name = "[CP] Copy Pods Resources";
			outputFileListPaths = (
				"${PODS_ROOT}/Target Support Files/Pods-Booking/Pods-Booking-resources-${CONFIGURATION}-output-files.xcfilelist",
			);
			runOnlyForDeploymentPostprocessing = 0;
			shellPath = /bin/sh;
			shellScript = "\"${PODS_ROOT}/Target Support Files/Pods-Booking/Pods-Booking-resources.sh\"\n";
			showEnvVarsInLog = 0;
		};
		F44D2B28CFCC4CB517608264 /* [CP] Copy Pods Resources */ = {
			isa = PBXShellScriptBuildPhase;
			buildActionMask = 2147483647;
			files = (
			);
			inputFileListPaths = (
				"${PODS_ROOT}/Target Support Files/Pods-Booking-BookingUITests/Pods-Booking-BookingUITests-resources-${CONFIGURATION}-input-files.xcfilelist",
			);
			name = "[CP] Copy Pods Resources";
			outputFileListPaths = (
				"${PODS_ROOT}/Target Support Files/Pods-Booking-BookingUITests/Pods-Booking-BookingUITests-resources-${CONFIGURATION}-output-files.xcfilelist",
			);
			runOnlyForDeploymentPostprocessing = 0;
			shellPath = /bin/sh;
			shellScript = "\"${PODS_ROOT}/Target Support Files/Pods-Booking-BookingUITests/Pods-Booking-BookingUITests-resources.sh\"\n";
			showEnvVarsInLog = 0;
		};
/* End PBXShellScriptBuildPhase section */

/* Begin PBXSourcesBuildPhase section */
		5DE698D9248DB92600301B39 /* Sources */ = {
			isa = PBXSourcesBuildPhase;
			buildActionMask = 2147483647;
			files = (
				2492760524A138110048C54A /* Vendor.swift in Sources */,
				24D6EF1624BCFEF50075A665 /* Request.swift in Sources */,
				2417129F24A5279D00F950B6 /* VendorInitialViewController.swift in Sources */,
				245FEF2C249C7625003267CE /* CollectDJLinkViewController.swift in Sources */,
				245FEF0224940365003267CE /* LoginViewController.swift in Sources */,
				24593EE924B3B629002C2729 /* GroupExploreViewController.swift in Sources */,
				245FEF26249C7566003267CE /* CollectDJProfilePicViewController.swift in Sources */,
				5D66E48F24A34BF400BD36DF /* InviteContactsCell.swift in Sources */,
				24593EEF24B50344002C2729 /* createEventView.swift in Sources */,
				24D6EF0824B659DA0075A665 /* EditGroupProfileViewController.swift in Sources */,
				5DA31BE824919B4B00C18F55 /* DJSignupViewController.swift in Sources */,
				24D6EF1824BD03BA0075A665 /* RequestCell.swift in Sources */,
				2492760D24A179BE0048C54A /* CollectVendorProfilePicViewController.swift in Sources */,
				249275FD24A03C080048C54A /* CollectGroupProfilePicViewController.swift in Sources */,
				249275FB249FF9EC0048C54A /* CollectGroupEquipmentViewController.swift in Sources */,
				5D63BD2724B4CA3D0022A2C0 /* ExplorePageSearchResultCell.swift in Sources */,
				5DB17EB2249F639900237276 /* OptionToSelect.swift in Sources */,
				245FEF0624941ABB003267CE /* DJorGroupViewController.swift in Sources */,
				5D0FBCD124A6ADF00011F8D9 /* GroupCalendarViewController.swift in Sources */,
				5DDF6B3824915BFF00B76C14 /* DJ.swift in Sources */,
				5D12207C249957C2006D2517 /* Event.swift in Sources */,
				249275F9249FDD610048C54A /* CollectGroupPlayingFeeViewController.swift in Sources */,
				245FEF2E249C76E4003267CE /* CollectDJEquipmentViewController.swift in Sources */,
				241712A124A527D900F950B6 /* SocializerInitialViewController.swift in Sources */,
				24D6EF0624B648FF0075A665 /* EditDJProfileViewController.swift in Sources */,
				2452707524BFAD46005BC912 /* checkRequestStatusAcceptedGroup.swift in Sources */,
				5D87BD8624949D1800F4CA6C /* GroupSignUpViewController.swift in Sources */,
				245FEF12249C63FD003267CE /* SocializerProfilePictureViewController.swift in Sources */,
				245FEF0024940319003267CE /* HomeViewController.swift in Sources */,
				245FEF0424940381003267CE /* StartViewController.swift in Sources */,
				2417129D24A5275900F950B6 /* GroupInitialViewController.swift in Sources */,
				245FEF0C249C19D5003267CE /* SocializerSignUpViewController.swift in Sources */,
				241712A324A52EBC00F950B6 /* DJInitialViewController.swift in Sources */,
				24593EF324B51D11002C2729 /* EventCell.swift in Sources */,
				2492760124A130AA0048C54A /* DJFinalNotesViewController.swift in Sources */,
				2452705D24BE2BB8005BC912 /* showRequestStatus.swift in Sources */,
				2492760724A13FD10048C54A /* VendorSignUpViewController.swift in Sources */,
				2452706324BE3837005BC912 /* checkRequestStatusCounter.swift in Sources */,
				249275FF24A041590048C54A /* GroupFinalNotesViewController.swift in Sources */,
				2452706B24BE5B26005BC912 /* createRequestView.swift in Sources */,
				5D12207E249957CB006D2517 /* User.swift in Sources */,
				2417129A24A4424400F950B6 /* InitialScreen.swift in Sources */,
				2447CCAA24A91EF6007163DB /* socializerMapViewController.swift in Sources */,
				2492760324A1346B0048C54A /* SocializerFinalNotesViewController.swift in Sources */,
				5D66E48D24A3497200BD36DF /* InviteContactsViewController.swift in Sources */,
				24593EF124B51984002C2729 /* DJProfileViewController.swift in Sources */,
				2452707924BFAE64005BC912 /* checkRequestStatusAcceptedDJ.swift in Sources */,
				245FEF2A249C7608003267CE /* CollectDJGenresViewController.swift in Sources */,
				2452706124BE37AA005BC912 /* checkRequestStatusDeclined.swift in Sources */,
				5DE698E1248DB92600301B39 /* AppDelegate.swift in Sources */,
				2492760F24A17B810048C54A /* VendorFinalNotesViewController.swift in Sources */,
				24D6EF0A24BA5F550075A665 /* DJProfileForGroupViewController.swift in Sources */,
				2452705B24BD5DE0005BC912 /* checkRequestStatusOpen.swift in Sources */,
				5DDF6B3A24915C0E00B76C14 /* Group.swift in Sources */,
				2492760B24A1776C0048C54A /* CollectVendorEquipmentViewController.swift in Sources */,
				5DE698E3248DB92600301B39 /* SceneDelegate.swift in Sources */,
				24593EE724B2B600002C2729 /* GroupProfileViewController.swift in Sources */,
				2492760924A14C0D0048C54A /* VendorPlayingFeeViewController.swift in Sources */,
				2452707124BF8D10005BC912 /* checkRequestStatusOpenDJ.swift in Sources */,
				245FEF28249C759B003267CE /* CollectDJPlayingFeeViewController.swift in Sources */,
				2492761324A2A25D0048C54A /* AlertView.swift in Sources */,
			);
			runOnlyForDeploymentPostprocessing = 0;
		};
		5DE698EF248DB93000301B39 /* Sources */ = {
			isa = PBXSourcesBuildPhase;
			buildActionMask = 2147483647;
			files = (
				5DE698F8248DB93000301B39 /* BookingTests.swift in Sources */,
			);
			runOnlyForDeploymentPostprocessing = 0;
		};
		5DE698FA248DB93000301B39 /* Sources */ = {
			isa = PBXSourcesBuildPhase;
			buildActionMask = 2147483647;
			files = (
				5DE69903248DB93000301B39 /* BookingUITests.swift in Sources */,
			);
			runOnlyForDeploymentPostprocessing = 0;
		};
/* End PBXSourcesBuildPhase section */

/* Begin PBXTargetDependency section */
		5DE698F5248DB93000301B39 /* PBXTargetDependency */ = {
			isa = PBXTargetDependency;
			target = 5DE698DC248DB92600301B39 /* Booking */;
			targetProxy = 5DE698F4248DB93000301B39 /* PBXContainerItemProxy */;
		};
		5DE69900248DB93000301B39 /* PBXTargetDependency */ = {
			isa = PBXTargetDependency;
			target = 5DE698DC248DB92600301B39 /* Booking */;
			targetProxy = 5DE698FF248DB93000301B39 /* PBXContainerItemProxy */;
		};
/* End PBXTargetDependency section */

/* Begin PBXVariantGroup section */
		5DE698E6248DB92600301B39 /* Main.storyboard */ = {
			isa = PBXVariantGroup;
			children = (
				5DE698E7248DB92600301B39 /* Base */,
			);
			name = Main.storyboard;
			sourceTree = "<group>";
		};
		5DE698EB248DB92F00301B39 /* LaunchScreen.storyboard */ = {
			isa = PBXVariantGroup;
			children = (
				5DE698EC248DB92F00301B39 /* Base */,
			);
			name = LaunchScreen.storyboard;
			sourceTree = "<group>";
		};
/* End PBXVariantGroup section */

/* Begin XCBuildConfiguration section */
		5DE69905248DB93000301B39 /* Debug */ = {
			isa = XCBuildConfiguration;
			buildSettings = {
				ALWAYS_SEARCH_USER_PATHS = NO;
				CLANG_ANALYZER_NONNULL = YES;
				CLANG_ANALYZER_NUMBER_OBJECT_CONVERSION = YES_AGGRESSIVE;
				CLANG_CXX_LANGUAGE_STANDARD = "gnu++14";
				CLANG_CXX_LIBRARY = "libc++";
				CLANG_ENABLE_MODULES = YES;
				CLANG_ENABLE_OBJC_ARC = YES;
				CLANG_ENABLE_OBJC_WEAK = YES;
				CLANG_WARN_BLOCK_CAPTURE_AUTORELEASING = YES;
				CLANG_WARN_BOOL_CONVERSION = YES;
				CLANG_WARN_COMMA = YES;
				CLANG_WARN_CONSTANT_CONVERSION = YES;
				CLANG_WARN_DEPRECATED_OBJC_IMPLEMENTATIONS = YES;
				CLANG_WARN_DIRECT_OBJC_ISA_USAGE = YES_ERROR;
				CLANG_WARN_DOCUMENTATION_COMMENTS = YES;
				CLANG_WARN_EMPTY_BODY = YES;
				CLANG_WARN_ENUM_CONVERSION = YES;
				CLANG_WARN_INFINITE_RECURSION = YES;
				CLANG_WARN_INT_CONVERSION = YES;
				CLANG_WARN_NON_LITERAL_NULL_CONVERSION = YES;
				CLANG_WARN_OBJC_IMPLICIT_RETAIN_SELF = YES;
				CLANG_WARN_OBJC_LITERAL_CONVERSION = YES;
				CLANG_WARN_OBJC_ROOT_CLASS = YES_ERROR;
				CLANG_WARN_RANGE_LOOP_ANALYSIS = YES;
				CLANG_WARN_STRICT_PROTOTYPES = YES;
				CLANG_WARN_SUSPICIOUS_MOVE = YES;
				CLANG_WARN_UNGUARDED_AVAILABILITY = YES_AGGRESSIVE;
				CLANG_WARN_UNREACHABLE_CODE = YES;
				CLANG_WARN__DUPLICATE_METHOD_MATCH = YES;
				COPY_PHASE_STRIP = NO;
				DEBUG_INFORMATION_FORMAT = dwarf;
				ENABLE_STRICT_OBJC_MSGSEND = YES;
				ENABLE_TESTABILITY = YES;
				GCC_C_LANGUAGE_STANDARD = gnu11;
				GCC_DYNAMIC_NO_PIC = NO;
				GCC_NO_COMMON_BLOCKS = YES;
				GCC_OPTIMIZATION_LEVEL = 0;
				GCC_PREPROCESSOR_DEFINITIONS = (
					"DEBUG=1",
					"$(inherited)",
				);
				GCC_WARN_64_TO_32_BIT_CONVERSION = YES;
				GCC_WARN_ABOUT_RETURN_TYPE = YES_ERROR;
				GCC_WARN_UNDECLARED_SELECTOR = YES;
				GCC_WARN_UNINITIALIZED_AUTOS = YES_AGGRESSIVE;
				GCC_WARN_UNUSED_FUNCTION = YES;
				GCC_WARN_UNUSED_VARIABLE = YES;
				IPHONEOS_DEPLOYMENT_TARGET = 13.4;
				MTL_ENABLE_DEBUG_INFO = INCLUDE_SOURCE;
				MTL_FAST_MATH = YES;
				ONLY_ACTIVE_ARCH = YES;
				SDKROOT = iphoneos;
				SWIFT_ACTIVE_COMPILATION_CONDITIONS = DEBUG;
				SWIFT_OPTIMIZATION_LEVEL = "-Onone";
			};
			name = Debug;
		};
		5DE69906248DB93000301B39 /* Release */ = {
			isa = XCBuildConfiguration;
			buildSettings = {
				ALWAYS_SEARCH_USER_PATHS = NO;
				CLANG_ANALYZER_NONNULL = YES;
				CLANG_ANALYZER_NUMBER_OBJECT_CONVERSION = YES_AGGRESSIVE;
				CLANG_CXX_LANGUAGE_STANDARD = "gnu++14";
				CLANG_CXX_LIBRARY = "libc++";
				CLANG_ENABLE_MODULES = YES;
				CLANG_ENABLE_OBJC_ARC = YES;
				CLANG_ENABLE_OBJC_WEAK = YES;
				CLANG_WARN_BLOCK_CAPTURE_AUTORELEASING = YES;
				CLANG_WARN_BOOL_CONVERSION = YES;
				CLANG_WARN_COMMA = YES;
				CLANG_WARN_CONSTANT_CONVERSION = YES;
				CLANG_WARN_DEPRECATED_OBJC_IMPLEMENTATIONS = YES;
				CLANG_WARN_DIRECT_OBJC_ISA_USAGE = YES_ERROR;
				CLANG_WARN_DOCUMENTATION_COMMENTS = YES;
				CLANG_WARN_EMPTY_BODY = YES;
				CLANG_WARN_ENUM_CONVERSION = YES;
				CLANG_WARN_INFINITE_RECURSION = YES;
				CLANG_WARN_INT_CONVERSION = YES;
				CLANG_WARN_NON_LITERAL_NULL_CONVERSION = YES;
				CLANG_WARN_OBJC_IMPLICIT_RETAIN_SELF = YES;
				CLANG_WARN_OBJC_LITERAL_CONVERSION = YES;
				CLANG_WARN_OBJC_ROOT_CLASS = YES_ERROR;
				CLANG_WARN_RANGE_LOOP_ANALYSIS = YES;
				CLANG_WARN_STRICT_PROTOTYPES = YES;
				CLANG_WARN_SUSPICIOUS_MOVE = YES;
				CLANG_WARN_UNGUARDED_AVAILABILITY = YES_AGGRESSIVE;
				CLANG_WARN_UNREACHABLE_CODE = YES;
				CLANG_WARN__DUPLICATE_METHOD_MATCH = YES;
				COPY_PHASE_STRIP = NO;
				DEBUG_INFORMATION_FORMAT = "dwarf-with-dsym";
				ENABLE_NS_ASSERTIONS = NO;
				ENABLE_STRICT_OBJC_MSGSEND = YES;
				GCC_C_LANGUAGE_STANDARD = gnu11;
				GCC_NO_COMMON_BLOCKS = YES;
				GCC_WARN_64_TO_32_BIT_CONVERSION = YES;
				GCC_WARN_ABOUT_RETURN_TYPE = YES_ERROR;
				GCC_WARN_UNDECLARED_SELECTOR = YES;
				GCC_WARN_UNINITIALIZED_AUTOS = YES_AGGRESSIVE;
				GCC_WARN_UNUSED_FUNCTION = YES;
				GCC_WARN_UNUSED_VARIABLE = YES;
				IPHONEOS_DEPLOYMENT_TARGET = 13.4;
				MTL_ENABLE_DEBUG_INFO = NO;
				MTL_FAST_MATH = YES;
				SDKROOT = iphoneos;
				SWIFT_COMPILATION_MODE = wholemodule;
				SWIFT_OPTIMIZATION_LEVEL = "-O";
				VALIDATE_PRODUCT = YES;
			};
			name = Release;
		};
		5DE69908248DB93000301B39 /* Debug */ = {
			isa = XCBuildConfiguration;
			baseConfigurationReference = 5809FB3C41A3EEC35105BBA8 /* Pods-Booking.debug.xcconfig */;
			buildSettings = {
				ASSETCATALOG_COMPILER_APPICON_NAME = AppIcon;
				CODE_SIGN_STYLE = Automatic;
				DEVELOPMENT_TEAM = BT82RN8NHM;
				INFOPLIST_FILE = Booking/Info.plist;
				LD_RUNPATH_SEARCH_PATHS = (
					"$(inherited)",
					"@executable_path/Frameworks",
				);
				PRODUCT_BUNDLE_IDENTIFIER = Rehan.Booking;
				PRODUCT_NAME = "$(TARGET_NAME)";
				SWIFT_VERSION = 5.0;
				TARGETED_DEVICE_FAMILY = "1,2";
			};
			name = Debug;
		};
		5DE69909248DB93000301B39 /* Release */ = {
			isa = XCBuildConfiguration;
			baseConfigurationReference = DDC233B0C24127F7B6B854A9 /* Pods-Booking.release.xcconfig */;
			buildSettings = {
				ASSETCATALOG_COMPILER_APPICON_NAME = AppIcon;
				CODE_SIGN_STYLE = Automatic;
				DEVELOPMENT_TEAM = BT82RN8NHM;
				INFOPLIST_FILE = Booking/Info.plist;
				LD_RUNPATH_SEARCH_PATHS = (
					"$(inherited)",
					"@executable_path/Frameworks",
				);
				PRODUCT_BUNDLE_IDENTIFIER = Rehan.Booking;
				PRODUCT_NAME = "$(TARGET_NAME)";
				SWIFT_VERSION = 5.0;
				TARGETED_DEVICE_FAMILY = "1,2";
			};
			name = Release;
		};
		5DE6990B248DB93000301B39 /* Debug */ = {
			isa = XCBuildConfiguration;
			baseConfigurationReference = 7D6F94111F73D9926B1F0069 /* Pods-BookingTests.debug.xcconfig */;
			buildSettings = {
				ALWAYS_EMBED_SWIFT_STANDARD_LIBRARIES = YES;
				BUNDLE_LOADER = "$(TEST_HOST)";
				CODE_SIGN_STYLE = Automatic;
				DEVELOPMENT_TEAM = L3UD2T89A9;
				INFOPLIST_FILE = BookingTests/Info.plist;
				IPHONEOS_DEPLOYMENT_TARGET = 13.4;
				LD_RUNPATH_SEARCH_PATHS = (
					"$(inherited)",
					"@executable_path/Frameworks",
					"@loader_path/Frameworks",
				);
				PRODUCT_BUNDLE_IDENTIFIER = Rehan.BookingTests;
				PRODUCT_NAME = "$(TARGET_NAME)";
				SWIFT_VERSION = 5.0;
				TARGETED_DEVICE_FAMILY = "1,2";
				TEST_HOST = "$(BUILT_PRODUCTS_DIR)/Booking.app/Booking";
			};
			name = Debug;
		};
		5DE6990C248DB93000301B39 /* Release */ = {
			isa = XCBuildConfiguration;
			baseConfigurationReference = EF0AB35EA62B198B81F46002 /* Pods-BookingTests.release.xcconfig */;
			buildSettings = {
				ALWAYS_EMBED_SWIFT_STANDARD_LIBRARIES = YES;
				BUNDLE_LOADER = "$(TEST_HOST)";
				CODE_SIGN_STYLE = Automatic;
				DEVELOPMENT_TEAM = L3UD2T89A9;
				INFOPLIST_FILE = BookingTests/Info.plist;
				IPHONEOS_DEPLOYMENT_TARGET = 13.4;
				LD_RUNPATH_SEARCH_PATHS = (
					"$(inherited)",
					"@executable_path/Frameworks",
					"@loader_path/Frameworks",
				);
				PRODUCT_BUNDLE_IDENTIFIER = Rehan.BookingTests;
				PRODUCT_NAME = "$(TARGET_NAME)";
				SWIFT_VERSION = 5.0;
				TARGETED_DEVICE_FAMILY = "1,2";
				TEST_HOST = "$(BUILT_PRODUCTS_DIR)/Booking.app/Booking";
			};
			name = Release;
		};
		5DE6990E248DB93000301B39 /* Debug */ = {
			isa = XCBuildConfiguration;
			baseConfigurationReference = 572733D997C660A83A8E95A5 /* Pods-Booking-BookingUITests.debug.xcconfig */;
			buildSettings = {
				ALWAYS_EMBED_SWIFT_STANDARD_LIBRARIES = YES;
				CODE_SIGN_STYLE = Automatic;
				DEVELOPMENT_TEAM = L3UD2T89A9;
				INFOPLIST_FILE = BookingUITests/Info.plist;
				LD_RUNPATH_SEARCH_PATHS = (
					"$(inherited)",
					"@executable_path/Frameworks",
					"@loader_path/Frameworks",
				);
				PRODUCT_BUNDLE_IDENTIFIER = Rehan.BookingUITests;
				PRODUCT_NAME = "$(TARGET_NAME)";
				SWIFT_VERSION = 5.0;
				TARGETED_DEVICE_FAMILY = "1,2";
				TEST_TARGET_NAME = Booking;
			};
			name = Debug;
		};
		5DE6990F248DB93000301B39 /* Release */ = {
			isa = XCBuildConfiguration;
			baseConfigurationReference = AC6EE0B597BABDFEB215D9AC /* Pods-Booking-BookingUITests.release.xcconfig */;
			buildSettings = {
				ALWAYS_EMBED_SWIFT_STANDARD_LIBRARIES = YES;
				CODE_SIGN_STYLE = Automatic;
				DEVELOPMENT_TEAM = L3UD2T89A9;
				INFOPLIST_FILE = BookingUITests/Info.plist;
				LD_RUNPATH_SEARCH_PATHS = (
					"$(inherited)",
					"@executable_path/Frameworks",
					"@loader_path/Frameworks",
				);
				PRODUCT_BUNDLE_IDENTIFIER = Rehan.BookingUITests;
				PRODUCT_NAME = "$(TARGET_NAME)";
				SWIFT_VERSION = 5.0;
				TARGETED_DEVICE_FAMILY = "1,2";
				TEST_TARGET_NAME = Booking;
			};
			name = Release;
		};
/* End XCBuildConfiguration section */

/* Begin XCConfigurationList section */
		5DE698D8248DB92600301B39 /* Build configuration list for PBXProject "Booking" */ = {
			isa = XCConfigurationList;
			buildConfigurations = (
				5DE69905248DB93000301B39 /* Debug */,
				5DE69906248DB93000301B39 /* Release */,
			);
			defaultConfigurationIsVisible = 0;
			defaultConfigurationName = Release;
		};
		5DE69907248DB93000301B39 /* Build configuration list for PBXNativeTarget "Booking" */ = {
			isa = XCConfigurationList;
			buildConfigurations = (
				5DE69908248DB93000301B39 /* Debug */,
				5DE69909248DB93000301B39 /* Release */,
			);
			defaultConfigurationIsVisible = 0;
			defaultConfigurationName = Release;
		};
		5DE6990A248DB93000301B39 /* Build configuration list for PBXNativeTarget "BookingTests" */ = {
			isa = XCConfigurationList;
			buildConfigurations = (
				5DE6990B248DB93000301B39 /* Debug */,
				5DE6990C248DB93000301B39 /* Release */,
			);
			defaultConfigurationIsVisible = 0;
			defaultConfigurationName = Release;
		};
		5DE6990D248DB93000301B39 /* Build configuration list for PBXNativeTarget "BookingUITests" */ = {
			isa = XCConfigurationList;
			buildConfigurations = (
				5DE6990E248DB93000301B39 /* Debug */,
				5DE6990F248DB93000301B39 /* Release */,
			);
			defaultConfigurationIsVisible = 0;
			defaultConfigurationName = Release;
		};
/* End XCConfigurationList section */
	};
	rootObject = 5DE698D5248DB92600301B39 /* Project object */;
}
